
Microsoft Visual Studio Solution File, Format Version 12.00
# Visual Studio 15
VisualStudioVersion = 15.0.27004.2008
MinimumVisualStudioVersion = 10.0.40219.1
Project("{FAE04EC0-301F-11D3-BF4B-00C04F79EFBC}") = "SDKBrowser.UWP", "SDKBrowser\SDKBrowser.UWP\SDKBrowser.UWP.csproj", "{1F12E361-2F76-4E96-B36A-96C03D6AFD6E}"
EndProject
Project("{FAE04EC0-301F-11D3-BF4B-00C04F79EFBC}") = "SDKBrowser.iOS", "SDKBrowser\SDKBrowser.iOS\SDKBrowser.iOS.csproj", "{7CDF49EC-727C-470B-BC1C-0F70D19F98F4}"
EndProject
Project("{FAE04EC0-301F-11D3-BF4B-00C04F79EFBC}") = "SDKBrowser.Android", "SDKBrowser\SDKBrowser.Android\SDKBrowser.Android.csproj", "{D0229CD7-0786-4462-B449-9B336A92E23E}"
EndProject
Project("{9A19103F-16F7-4668-BE54-9A1E7A4F7556}") = "SDKBrowser", "SDKBrowser\SDKBrowser\SDKBrowser.csproj", "{416D6BEF-4271-4D65-9B99-6FAF2B3A55A0}"
EndProject
Global
	GlobalSection(SolutionConfigurationPlatforms) = preSolution
		Ad-Hoc|Any CPU = Ad-Hoc|Any CPU
		Ad-Hoc|ARM = Ad-Hoc|ARM
		Ad-Hoc|iPhone = Ad-Hoc|iPhone
		Ad-Hoc|iPhoneSimulator = Ad-Hoc|iPhoneSimulator
		Ad-Hoc|Mixed Platforms = Ad-Hoc|Mixed Platforms
		Ad-Hoc|x64 = Ad-Hoc|x64
		Ad-Hoc|x86 = Ad-Hoc|x86
		AppStore|Any CPU = AppStore|Any CPU
		AppStore|ARM = AppStore|ARM
		AppStore|iPhone = AppStore|iPhone
		AppStore|iPhoneSimulator = AppStore|iPhoneSimulator
		AppStore|Mixed Platforms = AppStore|Mixed Platforms
		AppStore|x64 = AppStore|x64
		AppStore|x86 = AppStore|x86
		Debug|Any CPU = Debug|Any CPU
		Debug|ARM = Debug|ARM
		Debug|iPhone = Debug|iPhone
		Debug|iPhoneSimulator = Debug|iPhoneSimulator
		Debug|Mixed Platforms = Debug|Mixed Platforms
		Debug|x64 = Debug|x64
		Debug|x86 = Debug|x86
		Release|Any CPU = Release|Any CPU
		Release|ARM = Release|ARM
		Release|iPhone = Release|iPhone
		Release|iPhoneSimulator = Release|iPhoneSimulator
		Release|Mixed Platforms = Release|Mixed Platforms
		Release|x64 = Release|x64
		Release|x86 = Release|x86
		Tests|Any CPU = Tests|Any CPU
		Tests|ARM = Tests|ARM
		Tests|iPhone = Tests|iPhone
		Tests|iPhoneSimulator = Tests|iPhoneSimulator
		Tests|Mixed Platforms = Tests|Mixed Platforms
		Tests|x64 = Tests|x64
		Tests|x86 = Tests|x86
	EndGlobalSection
	GlobalSection(ProjectConfigurationPlatforms) = postSolution
		{1F12E361-2F76-4E96-B36A-96C03D6AFD6E}.Ad-Hoc|Any CPU.ActiveCfg = Release|x64
		{1F12E361-2F76-4E96-B36A-96C03D6AFD6E}.Ad-Hoc|Any CPU.Build.0 = Release|x64
		{1F12E361-2F76-4E96-B36A-96C03D6AFD6E}.Ad-Hoc|Any CPU.Deploy.0 = Release|x64
		{1F12E361-2F76-4E96-B36A-96C03D6AFD6E}.Ad-Hoc|ARM.ActiveCfg = Release|ARM
		{1F12E361-2F76-4E96-B36A-96C03D6AFD6E}.Ad-Hoc|ARM.Build.0 = Release|ARM
		{1F12E361-2F76-4E96-B36A-96C03D6AFD6E}.Ad-Hoc|ARM.Deploy.0 = Release|ARM
		{1F12E361-2F76-4E96-B36A-96C03D6AFD6E}.Ad-Hoc|iPhone.ActiveCfg = Release|x64
		{1F12E361-2F76-4E96-B36A-96C03D6AFD6E}.Ad-Hoc|iPhoneSimulator.ActiveCfg = Release|x64
		{1F12E361-2F76-4E96-B36A-96C03D6AFD6E}.Ad-Hoc|iPhoneSimulator.Build.0 = Release|x64
		{1F12E361-2F76-4E96-B36A-96C03D6AFD6E}.Ad-Hoc|iPhoneSimulator.Deploy.0 = Release|x64
		{1F12E361-2F76-4E96-B36A-96C03D6AFD6E}.Ad-Hoc|Mixed Platforms.ActiveCfg = Release|x86
		{1F12E361-2F76-4E96-B36A-96C03D6AFD6E}.Ad-Hoc|Mixed Platforms.Build.0 = Release|x86
		{1F12E361-2F76-4E96-B36A-96C03D6AFD6E}.Ad-Hoc|Mixed Platforms.Deploy.0 = Release|x86
		{1F12E361-2F76-4E96-B36A-96C03D6AFD6E}.Ad-Hoc|x64.ActiveCfg = Release|x64
		{1F12E361-2F76-4E96-B36A-96C03D6AFD6E}.Ad-Hoc|x64.Build.0 = Release|x64
		{1F12E361-2F76-4E96-B36A-96C03D6AFD6E}.Ad-Hoc|x64.Deploy.0 = Release|x64
		{1F12E361-2F76-4E96-B36A-96C03D6AFD6E}.Ad-Hoc|x86.ActiveCfg = Release|x86
		{1F12E361-2F76-4E96-B36A-96C03D6AFD6E}.Ad-Hoc|x86.Build.0 = Release|x86
		{1F12E361-2F76-4E96-B36A-96C03D6AFD6E}.Ad-Hoc|x86.Deploy.0 = Release|x86
		{1F12E361-2F76-4E96-B36A-96C03D6AFD6E}.AppStore|Any CPU.ActiveCfg = Release|x64
		{1F12E361-2F76-4E96-B36A-96C03D6AFD6E}.AppStore|Any CPU.Build.0 = Release|x64
		{1F12E361-2F76-4E96-B36A-96C03D6AFD6E}.AppStore|Any CPU.Deploy.0 = Release|x64
		{1F12E361-2F76-4E96-B36A-96C03D6AFD6E}.AppStore|ARM.ActiveCfg = Release|ARM
		{1F12E361-2F76-4E96-B36A-96C03D6AFD6E}.AppStore|ARM.Build.0 = Release|ARM
		{1F12E361-2F76-4E96-B36A-96C03D6AFD6E}.AppStore|ARM.Deploy.0 = Release|ARM
		{1F12E361-2F76-4E96-B36A-96C03D6AFD6E}.AppStore|iPhone.ActiveCfg = Release|x64
		{1F12E361-2F76-4E96-B36A-96C03D6AFD6E}.AppStore|iPhoneSimulator.ActiveCfg = Release|x64
		{1F12E361-2F76-4E96-B36A-96C03D6AFD6E}.AppStore|iPhoneSimulator.Build.0 = Release|x64
		{1F12E361-2F76-4E96-B36A-96C03D6AFD6E}.AppStore|iPhoneSimulator.Deploy.0 = Release|x64
		{1F12E361-2F76-4E96-B36A-96C03D6AFD6E}.AppStore|Mixed Platforms.ActiveCfg = Release|x86
		{1F12E361-2F76-4E96-B36A-96C03D6AFD6E}.AppStore|Mixed Platforms.Build.0 = Release|x86
		{1F12E361-2F76-4E96-B36A-96C03D6AFD6E}.AppStore|Mixed Platforms.Deploy.0 = Release|x86
		{1F12E361-2F76-4E96-B36A-96C03D6AFD6E}.AppStore|x64.ActiveCfg = Release|x64
		{1F12E361-2F76-4E96-B36A-96C03D6AFD6E}.AppStore|x64.Build.0 = Release|x64
		{1F12E361-2F76-4E96-B36A-96C03D6AFD6E}.AppStore|x64.Deploy.0 = Release|x64
		{1F12E361-2F76-4E96-B36A-96C03D6AFD6E}.AppStore|x86.ActiveCfg = Release|x86
		{1F12E361-2F76-4E96-B36A-96C03D6AFD6E}.AppStore|x86.Build.0 = Release|x86
		{1F12E361-2F76-4E96-B36A-96C03D6AFD6E}.AppStore|x86.Deploy.0 = Release|x86
		{1F12E361-2F76-4E96-B36A-96C03D6AFD6E}.Debug|Any CPU.ActiveCfg = Debug|x86
		{1F12E361-2F76-4E96-B36A-96C03D6AFD6E}.Debug|Any CPU.Build.0 = Debug|x86
		{1F12E361-2F76-4E96-B36A-96C03D6AFD6E}.Debug|ARM.ActiveCfg = Debug|ARM
		{1F12E361-2F76-4E96-B36A-96C03D6AFD6E}.Debug|ARM.Build.0 = Debug|ARM
		{1F12E361-2F76-4E96-B36A-96C03D6AFD6E}.Debug|ARM.Deploy.0 = Debug|ARM
		{1F12E361-2F76-4E96-B36A-96C03D6AFD6E}.Debug|iPhone.ActiveCfg = Debug|x86
		{1F12E361-2F76-4E96-B36A-96C03D6AFD6E}.Debug|iPhoneSimulator.ActiveCfg = Debug|x86
		{1F12E361-2F76-4E96-B36A-96C03D6AFD6E}.Debug|Mixed Platforms.ActiveCfg = Debug|ARM
		{1F12E361-2F76-4E96-B36A-96C03D6AFD6E}.Debug|Mixed Platforms.Build.0 = Debug|ARM
		{1F12E361-2F76-4E96-B36A-96C03D6AFD6E}.Debug|Mixed Platforms.Deploy.0 = Debug|ARM
		{1F12E361-2F76-4E96-B36A-96C03D6AFD6E}.Debug|x64.ActiveCfg = Debug|x64
		{1F12E361-2F76-4E96-B36A-96C03D6AFD6E}.Debug|x64.Build.0 = Debug|x64
		{1F12E361-2F76-4E96-B36A-96C03D6AFD6E}.Debug|x64.Deploy.0 = Debug|x64
		{1F12E361-2F76-4E96-B36A-96C03D6AFD6E}.Debug|x86.ActiveCfg = Debug|x86
		{1F12E361-2F76-4E96-B36A-96C03D6AFD6E}.Debug|x86.Build.0 = Debug|x86
		{1F12E361-2F76-4E96-B36A-96C03D6AFD6E}.Debug|x86.Deploy.0 = Debug|x86
		{1F12E361-2F76-4E96-B36A-96C03D6AFD6E}.Release|Any CPU.ActiveCfg = Release|x86
		{1F12E361-2F76-4E96-B36A-96C03D6AFD6E}.Release|Any CPU.Build.0 = Release|x86
		{1F12E361-2F76-4E96-B36A-96C03D6AFD6E}.Release|Any CPU.Deploy.0 = Release|x86
		{1F12E361-2F76-4E96-B36A-96C03D6AFD6E}.Release|ARM.ActiveCfg = Release|ARM
		{1F12E361-2F76-4E96-B36A-96C03D6AFD6E}.Release|ARM.Build.0 = Release|ARM
		{1F12E361-2F76-4E96-B36A-96C03D6AFD6E}.Release|ARM.Deploy.0 = Release|ARM
		{1F12E361-2F76-4E96-B36A-96C03D6AFD6E}.Release|iPhone.ActiveCfg = Release|x86
		{1F12E361-2F76-4E96-B36A-96C03D6AFD6E}.Release|iPhoneSimulator.ActiveCfg = Release|x86
		{1F12E361-2F76-4E96-B36A-96C03D6AFD6E}.Release|Mixed Platforms.ActiveCfg = Release|x86
		{1F12E361-2F76-4E96-B36A-96C03D6AFD6E}.Release|Mixed Platforms.Build.0 = Release|x86
		{1F12E361-2F76-4E96-B36A-96C03D6AFD6E}.Release|Mixed Platforms.Deploy.0 = Release|x86
		{1F12E361-2F76-4E96-B36A-96C03D6AFD6E}.Release|x64.ActiveCfg = Release|x64
		{1F12E361-2F76-4E96-B36A-96C03D6AFD6E}.Release|x64.Build.0 = Release|x64
		{1F12E361-2F76-4E96-B36A-96C03D6AFD6E}.Release|x64.Deploy.0 = Release|x64
		{1F12E361-2F76-4E96-B36A-96C03D6AFD6E}.Release|x86.ActiveCfg = Release|x86
		{1F12E361-2F76-4E96-B36A-96C03D6AFD6E}.Release|x86.Build.0 = Release|x86
		{1F12E361-2F76-4E96-B36A-96C03D6AFD6E}.Release|x86.Deploy.0 = Release|x86
		{1F12E361-2F76-4E96-B36A-96C03D6AFD6E}.Tests|Any CPU.ActiveCfg = Debug|x64
		{1F12E361-2F76-4E96-B36A-96C03D6AFD6E}.Tests|Any CPU.Build.0 = Debug|x64
		{1F12E361-2F76-4E96-B36A-96C03D6AFD6E}.Tests|Any CPU.Deploy.0 = Debug|x64
		{1F12E361-2F76-4E96-B36A-96C03D6AFD6E}.Tests|ARM.ActiveCfg = Debug|ARM
		{1F12E361-2F76-4E96-B36A-96C03D6AFD6E}.Tests|ARM.Build.0 = Debug|ARM
		{1F12E361-2F76-4E96-B36A-96C03D6AFD6E}.Tests|ARM.Deploy.0 = Debug|ARM
		{1F12E361-2F76-4E96-B36A-96C03D6AFD6E}.Tests|iPhone.ActiveCfg = Debug|x64
		{1F12E361-2F76-4E96-B36A-96C03D6AFD6E}.Tests|iPhoneSimulator.ActiveCfg = Debug|x86
		{1F12E361-2F76-4E96-B36A-96C03D6AFD6E}.Tests|Mixed Platforms.ActiveCfg = Debug|x86
		{1F12E361-2F76-4E96-B36A-96C03D6AFD6E}.Tests|Mixed Platforms.Build.0 = Debug|x86
		{1F12E361-2F76-4E96-B36A-96C03D6AFD6E}.Tests|Mixed Platforms.Deploy.0 = Debug|x86
		{1F12E361-2F76-4E96-B36A-96C03D6AFD6E}.Tests|x64.ActiveCfg = Debug|x64
		{1F12E361-2F76-4E96-B36A-96C03D6AFD6E}.Tests|x64.Build.0 = Debug|x64
		{1F12E361-2F76-4E96-B36A-96C03D6AFD6E}.Tests|x64.Deploy.0 = Debug|x64
		{1F12E361-2F76-4E96-B36A-96C03D6AFD6E}.Tests|x86.ActiveCfg = Debug|x86
		{1F12E361-2F76-4E96-B36A-96C03D6AFD6E}.Tests|x86.Build.0 = Debug|x86
		{1F12E361-2F76-4E96-B36A-96C03D6AFD6E}.Tests|x86.Deploy.0 = Debug|x86
		{7CDF49EC-727C-470B-BC1C-0F70D19F98F4}.Ad-Hoc|Any CPU.ActiveCfg = Ad-Hoc|iPhone
		{7CDF49EC-727C-470B-BC1C-0F70D19F98F4}.Ad-Hoc|ARM.ActiveCfg = Ad-Hoc|iPhone
		{7CDF49EC-727C-470B-BC1C-0F70D19F98F4}.Ad-Hoc|iPhone.ActiveCfg = Ad-Hoc|iPhone
		{7CDF49EC-727C-470B-BC1C-0F70D19F98F4}.Ad-Hoc|iPhone.Build.0 = Ad-Hoc|iPhone
		{7CDF49EC-727C-470B-BC1C-0F70D19F98F4}.Ad-Hoc|iPhone.Deploy.0 = Ad-Hoc|iPhone
		{7CDF49EC-727C-470B-BC1C-0F70D19F98F4}.Ad-Hoc|iPhoneSimulator.ActiveCfg = Ad-Hoc|iPhoneSimulator
		{7CDF49EC-727C-470B-BC1C-0F70D19F98F4}.Ad-Hoc|iPhoneSimulator.Build.0 = Ad-Hoc|iPhoneSimulator
		{7CDF49EC-727C-470B-BC1C-0F70D19F98F4}.Ad-Hoc|iPhoneSimulator.Deploy.0 = Ad-Hoc|iPhoneSimulator
		{7CDF49EC-727C-470B-BC1C-0F70D19F98F4}.Ad-Hoc|Mixed Platforms.ActiveCfg = Ad-Hoc|iPhone
		{7CDF49EC-727C-470B-BC1C-0F70D19F98F4}.Ad-Hoc|Mixed Platforms.Build.0 = Ad-Hoc|iPhone
		{7CDF49EC-727C-470B-BC1C-0F70D19F98F4}.Ad-Hoc|Mixed Platforms.Deploy.0 = Ad-Hoc|iPhone
		{7CDF49EC-727C-470B-BC1C-0F70D19F98F4}.Ad-Hoc|x64.ActiveCfg = Ad-Hoc|iPhoneSimulator
		{7CDF49EC-727C-470B-BC1C-0F70D19F98F4}.Ad-Hoc|x86.ActiveCfg = Ad-Hoc|iPhone
		{7CDF49EC-727C-470B-BC1C-0F70D19F98F4}.AppStore|Any CPU.ActiveCfg = AppStore|iPhone
		{7CDF49EC-727C-470B-BC1C-0F70D19F98F4}.AppStore|ARM.ActiveCfg = AppStore|iPhone
		{7CDF49EC-727C-470B-BC1C-0F70D19F98F4}.AppStore|iPhone.ActiveCfg = AppStore|iPhone
		{7CDF49EC-727C-470B-BC1C-0F70D19F98F4}.AppStore|iPhone.Build.0 = AppStore|iPhone
		{7CDF49EC-727C-470B-BC1C-0F70D19F98F4}.AppStore|iPhone.Deploy.0 = AppStore|iPhone
		{7CDF49EC-727C-470B-BC1C-0F70D19F98F4}.AppStore|iPhoneSimulator.ActiveCfg = AppStore|iPhoneSimulator
		{7CDF49EC-727C-470B-BC1C-0F70D19F98F4}.AppStore|iPhoneSimulator.Build.0 = AppStore|iPhoneSimulator
		{7CDF49EC-727C-470B-BC1C-0F70D19F98F4}.AppStore|iPhoneSimulator.Deploy.0 = AppStore|iPhoneSimulator
		{7CDF49EC-727C-470B-BC1C-0F70D19F98F4}.AppStore|Mixed Platforms.ActiveCfg = AppStore|iPhone
		{7CDF49EC-727C-470B-BC1C-0F70D19F98F4}.AppStore|Mixed Platforms.Build.0 = AppStore|iPhone
		{7CDF49EC-727C-470B-BC1C-0F70D19F98F4}.AppStore|Mixed Platforms.Deploy.0 = AppStore|iPhone
		{7CDF49EC-727C-470B-BC1C-0F70D19F98F4}.AppStore|x64.ActiveCfg = AppStore|iPhoneSimulator
		{7CDF49EC-727C-470B-BC1C-0F70D19F98F4}.AppStore|x86.ActiveCfg = AppStore|iPhone
		{7CDF49EC-727C-470B-BC1C-0F70D19F98F4}.Debug|Any CPU.ActiveCfg = Debug|iPhoneSimulator
		{7CDF49EC-727C-470B-BC1C-0F70D19F98F4}.Debug|Any CPU.Build.0 = Debug|iPhoneSimulator
		{7CDF49EC-727C-470B-BC1C-0F70D19F98F4}.Debug|ARM.ActiveCfg = Debug|iPhone
		{7CDF49EC-727C-470B-BC1C-0F70D19F98F4}.Debug|iPhone.ActiveCfg = Debug|iPhone
		{7CDF49EC-727C-470B-BC1C-0F70D19F98F4}.Debug|iPhone.Build.0 = Debug|iPhone
		{7CDF49EC-727C-470B-BC1C-0F70D19F98F4}.Debug|iPhone.Deploy.0 = Debug|iPhone
		{7CDF49EC-727C-470B-BC1C-0F70D19F98F4}.Debug|iPhoneSimulator.ActiveCfg = Debug|iPhoneSimulator
		{7CDF49EC-727C-470B-BC1C-0F70D19F98F4}.Debug|iPhoneSimulator.Build.0 = Debug|iPhoneSimulator
		{7CDF49EC-727C-470B-BC1C-0F70D19F98F4}.Debug|iPhoneSimulator.Deploy.0 = Debug|iPhoneSimulator
		{7CDF49EC-727C-470B-BC1C-0F70D19F98F4}.Debug|Mixed Platforms.ActiveCfg = Debug|iPhoneSimulator
		{7CDF49EC-727C-470B-BC1C-0F70D19F98F4}.Debug|Mixed Platforms.Build.0 = Debug|iPhoneSimulator
		{7CDF49EC-727C-470B-BC1C-0F70D19F98F4}.Debug|Mixed Platforms.Deploy.0 = Debug|iPhoneSimulator
		{7CDF49EC-727C-470B-BC1C-0F70D19F98F4}.Debug|x64.ActiveCfg = Debug|iPhoneSimulator
		{7CDF49EC-727C-470B-BC1C-0F70D19F98F4}.Debug|x86.ActiveCfg = Debug|iPhone
		{7CDF49EC-727C-470B-BC1C-0F70D19F98F4}.Release|Any CPU.ActiveCfg = Release|iPhone
		{7CDF49EC-727C-470B-BC1C-0F70D19F98F4}.Release|ARM.ActiveCfg = Release|iPhone
		{7CDF49EC-727C-470B-BC1C-0F70D19F98F4}.Release|iPhone.ActiveCfg = Release|iPhoneSimulator
		{7CDF49EC-727C-470B-BC1C-0F70D19F98F4}.Release|iPhone.Build.0 = Release|iPhoneSimulator
		{7CDF49EC-727C-470B-BC1C-0F70D19F98F4}.Release|iPhone.Deploy.0 = Release|iPhoneSimulator
		{7CDF49EC-727C-470B-BC1C-0F70D19F98F4}.Release|iPhoneSimulator.ActiveCfg = Release|iPhoneSimulator
		{7CDF49EC-727C-470B-BC1C-0F70D19F98F4}.Release|iPhoneSimulator.Build.0 = Release|iPhoneSimulator
		{7CDF49EC-727C-470B-BC1C-0F70D19F98F4}.Release|iPhoneSimulator.Deploy.0 = Release|iPhoneSimulator
		{7CDF49EC-727C-470B-BC1C-0F70D19F98F4}.Release|Mixed Platforms.ActiveCfg = Release|iPhoneSimulator
		{7CDF49EC-727C-470B-BC1C-0F70D19F98F4}.Release|Mixed Platforms.Build.0 = Release|iPhoneSimulator
		{7CDF49EC-727C-470B-BC1C-0F70D19F98F4}.Release|Mixed Platforms.Deploy.0 = Release|iPhoneSimulator
		{7CDF49EC-727C-470B-BC1C-0F70D19F98F4}.Release|x64.ActiveCfg = Release|iPhoneSimulator
		{7CDF49EC-727C-470B-BC1C-0F70D19F98F4}.Release|x86.ActiveCfg = Release|iPhone
		{7CDF49EC-727C-470B-BC1C-0F70D19F98F4}.Tests|Any CPU.ActiveCfg = Tests|iPhone
		{7CDF49EC-727C-470B-BC1C-0F70D19F98F4}.Tests|ARM.ActiveCfg = Tests|iPhone
		{7CDF49EC-727C-470B-BC1C-0F70D19F98F4}.Tests|iPhone.ActiveCfg = Tests|iPhone
		{7CDF49EC-727C-470B-BC1C-0F70D19F98F4}.Tests|iPhone.Build.0 = Tests|iPhone
		{7CDF49EC-727C-470B-BC1C-0F70D19F98F4}.Tests|iPhoneSimulator.ActiveCfg = Tests|iPhoneSimulator
		{7CDF49EC-727C-470B-BC1C-0F70D19F98F4}.Tests|iPhoneSimulator.Build.0 = Tests|iPhoneSimulator
		{7CDF49EC-727C-470B-BC1C-0F70D19F98F4}.Tests|Mixed Platforms.ActiveCfg = Tests|iPhone
		{7CDF49EC-727C-470B-BC1C-0F70D19F98F4}.Tests|Mixed Platforms.Build.0 = Tests|iPhone
		{7CDF49EC-727C-470B-BC1C-0F70D19F98F4}.Tests|x64.ActiveCfg = Tests|iPhone
		{7CDF49EC-727C-470B-BC1C-0F70D19F98F4}.Tests|x86.ActiveCfg = Tests|iPhone
		{D0229CD7-0786-4462-B449-9B336A92E23E}.Ad-Hoc|Any CPU.ActiveCfg = Release|Any CPU
		{D0229CD7-0786-4462-B449-9B336A92E23E}.Ad-Hoc|Any CPU.Build.0 = Release|Any CPU
		{D0229CD7-0786-4462-B449-9B336A92E23E}.Ad-Hoc|Any CPU.Deploy.0 = Release|Any CPU
		{D0229CD7-0786-4462-B449-9B336A92E23E}.Ad-Hoc|ARM.ActiveCfg = Release|Any CPU
		{D0229CD7-0786-4462-B449-9B336A92E23E}.Ad-Hoc|iPhone.ActiveCfg = Release|Any CPU
		{D0229CD7-0786-4462-B449-9B336A92E23E}.Ad-Hoc|iPhoneSimulator.ActiveCfg = Release|Any CPU
		{D0229CD7-0786-4462-B449-9B336A92E23E}.Ad-Hoc|Mixed Platforms.ActiveCfg = Release|Any CPU
		{D0229CD7-0786-4462-B449-9B336A92E23E}.Ad-Hoc|Mixed Platforms.Build.0 = Release|Any CPU
		{D0229CD7-0786-4462-B449-9B336A92E23E}.Ad-Hoc|Mixed Platforms.Deploy.0 = Release|Any CPU
		{D0229CD7-0786-4462-B449-9B336A92E23E}.Ad-Hoc|x64.ActiveCfg = Debug|Any CPU
		{D0229CD7-0786-4462-B449-9B336A92E23E}.Ad-Hoc|x86.ActiveCfg = Release|Any CPU
		{D0229CD7-0786-4462-B449-9B336A92E23E}.AppStore|Any CPU.ActiveCfg = Release|Any CPU
		{D0229CD7-0786-4462-B449-9B336A92E23E}.AppStore|Any CPU.Build.0 = Release|Any CPU
		{D0229CD7-0786-4462-B449-9B336A92E23E}.AppStore|Any CPU.Deploy.0 = Release|Any CPU
		{D0229CD7-0786-4462-B449-9B336A92E23E}.AppStore|ARM.ActiveCfg = Release|Any CPU
		{D0229CD7-0786-4462-B449-9B336A92E23E}.AppStore|iPhone.ActiveCfg = Release|Any CPU
		{D0229CD7-0786-4462-B449-9B336A92E23E}.AppStore|iPhoneSimulator.ActiveCfg = Release|Any CPU
		{D0229CD7-0786-4462-B449-9B336A92E23E}.AppStore|Mixed Platforms.ActiveCfg = Release|Any CPU
		{D0229CD7-0786-4462-B449-9B336A92E23E}.AppStore|Mixed Platforms.Build.0 = Release|Any CPU
		{D0229CD7-0786-4462-B449-9B336A92E23E}.AppStore|Mixed Platforms.Deploy.0 = Release|Any CPU
		{D0229CD7-0786-4462-B449-9B336A92E23E}.AppStore|x64.ActiveCfg = Debug|Any CPU
		{D0229CD7-0786-4462-B449-9B336A92E23E}.AppStore|x86.ActiveCfg = Release|Any CPU
		{D0229CD7-0786-4462-B449-9B336A92E23E}.Debug|Any CPU.ActiveCfg = Debug|Any CPU
		{D0229CD7-0786-4462-B449-9B336A92E23E}.Debug|Any CPU.Build.0 = Debug|Any CPU
		{D0229CD7-0786-4462-B449-9B336A92E23E}.Debug|Any CPU.Deploy.0 = Debug|Any CPU
		{D0229CD7-0786-4462-B449-9B336A92E23E}.Debug|ARM.ActiveCfg = Debug|Any CPU
		{D0229CD7-0786-4462-B449-9B336A92E23E}.Debug|iPhone.ActiveCfg = Debug|Any CPU
		{D0229CD7-0786-4462-B449-9B336A92E23E}.Debug|iPhone.Build.0 = Debug|Any CPU
		{D0229CD7-0786-4462-B449-9B336A92E23E}.Debug|iPhone.Deploy.0 = Debug|Any CPU
		{D0229CD7-0786-4462-B449-9B336A92E23E}.Debug|iPhoneSimulator.ActiveCfg = Debug|Any CPU
		{D0229CD7-0786-4462-B449-9B336A92E23E}.Debug|Mixed Platforms.ActiveCfg = Debug|Any CPU
		{D0229CD7-0786-4462-B449-9B336A92E23E}.Debug|Mixed Platforms.Build.0 = Debug|Any CPU
		{D0229CD7-0786-4462-B449-9B336A92E23E}.Debug|Mixed Platforms.Deploy.0 = Debug|Any CPU
		{D0229CD7-0786-4462-B449-9B336A92E23E}.Debug|x64.ActiveCfg = Debug|Any CPU
		{D0229CD7-0786-4462-B449-9B336A92E23E}.Debug|x86.ActiveCfg = Debug|Any CPU
		{D0229CD7-0786-4462-B449-9B336A92E23E}.Release|Any CPU.ActiveCfg = Release|Any CPU
		{D0229CD7-0786-4462-B449-9B336A92E23E}.Release|Any CPU.Build.0 = Release|Any CPU
		{D0229CD7-0786-4462-B449-9B336A92E23E}.Release|Any CPU.Deploy.0 = Release|Any CPU
		{D0229CD7-0786-4462-B449-9B336A92E23E}.Release|ARM.ActiveCfg = Release|Any CPU
		{D0229CD7-0786-4462-B449-9B336A92E23E}.Release|iPhone.ActiveCfg = Release|Any CPU
		{D0229CD7-0786-4462-B449-9B336A92E23E}.Release|iPhoneSimulator.ActiveCfg = Release|Any CPU
		{D0229CD7-0786-4462-B449-9B336A92E23E}.Release|Mixed Platforms.ActiveCfg = Release|Any CPU
		{D0229CD7-0786-4462-B449-9B336A92E23E}.Release|Mixed Platforms.Build.0 = Release|Any CPU
		{D0229CD7-0786-4462-B449-9B336A92E23E}.Release|Mixed Platforms.Deploy.0 = Release|Any CPU
		{D0229CD7-0786-4462-B449-9B336A92E23E}.Release|x64.ActiveCfg = Release|Any CPU
		{D0229CD7-0786-4462-B449-9B336A92E23E}.Release|x86.ActiveCfg = Release|Any CPU
		{D0229CD7-0786-4462-B449-9B336A92E23E}.Tests|Any CPU.ActiveCfg = Debug|Any CPU
		{D0229CD7-0786-4462-B449-9B336A92E23E}.Tests|Any CPU.Build.0 = Debug|Any CPU
		{D0229CD7-0786-4462-B449-9B336A92E23E}.Tests|Any CPU.Deploy.0 = Debug|Any CPU
		{D0229CD7-0786-4462-B449-9B336A92E23E}.Tests|ARM.ActiveCfg = Debug|Any CPU
		{D0229CD7-0786-4462-B449-9B336A92E23E}.Tests|ARM.Build.0 = Debug|Any CPU
		{D0229CD7-0786-4462-B449-9B336A92E23E}.Tests|ARM.Deploy.0 = Debug|Any CPU
		{D0229CD7-0786-4462-B449-9B336A92E23E}.Tests|iPhone.ActiveCfg = Debug|Any CPU
		{D0229CD7-0786-4462-B449-9B336A92E23E}.Tests|iPhoneSimulator.ActiveCfg = Debug|Any CPU
		{D0229CD7-0786-4462-B449-9B336A92E23E}.Tests|Mixed Platforms.ActiveCfg = Debug|Any CPU
		{D0229CD7-0786-4462-B449-9B336A92E23E}.Tests|Mixed Platforms.Build.0 = Debug|Any CPU
		{D0229CD7-0786-4462-B449-9B336A92E23E}.Tests|Mixed Platforms.Deploy.0 = Debug|Any CPU
		{D0229CD7-0786-4462-B449-9B336A92E23E}.Tests|x64.ActiveCfg = Debug|Any CPU
		{D0229CD7-0786-4462-B449-9B336A92E23E}.Tests|x64.Build.0 = Debug|Any CPU
		{D0229CD7-0786-4462-B449-9B336A92E23E}.Tests|x64.Deploy.0 = Debug|Any CPU
		{D0229CD7-0786-4462-B449-9B336A92E23E}.Tests|x86.ActiveCfg = Debug|Any CPU
		{D0229CD7-0786-4462-B449-9B336A92E23E}.Tests|x86.Build.0 = Debug|Any CPU
		{D0229CD7-0786-4462-B449-9B336A92E23E}.Tests|x86.Deploy.0 = Debug|Any CPU
		{416D6BEF-4271-4D65-9B99-6FAF2B3A55A0}.Ad-Hoc|Any CPU.ActiveCfg = Release|Any CPU
		{416D6BEF-4271-4D65-9B99-6FAF2B3A55A0}.Ad-Hoc|Any CPU.Build.0 = Release|Any CPU
		{416D6BEF-4271-4D65-9B99-6FAF2B3A55A0}.Ad-Hoc|ARM.ActiveCfg = Release|Any CPU
		{416D6BEF-4271-4D65-9B99-6FAF2B3A55A0}.Ad-Hoc|iPhone.ActiveCfg = Release|Any CPU
		{416D6BEF-4271-4D65-9B99-6FAF2B3A55A0}.Ad-Hoc|iPhone.Build.0 = Release|Any CPU
		{416D6BEF-4271-4D65-9B99-6FAF2B3A55A0}.Ad-Hoc|iPhoneSimulator.ActiveCfg = Release|Any CPU
		{416D6BEF-4271-4D65-9B99-6FAF2B3A55A0}.Ad-Hoc|Mixed Platforms.ActiveCfg = Release|Any CPU
		{416D6BEF-4271-4D65-9B99-6FAF2B3A55A0}.Ad-Hoc|Mixed Platforms.Build.0 = Release|Any CPU
		{416D6BEF-4271-4D65-9B99-6FAF2B3A55A0}.Ad-Hoc|x64.ActiveCfg = Debug|Any CPU
		{416D6BEF-4271-4D65-9B99-6FAF2B3A55A0}.Ad-Hoc|x86.ActiveCfg = Release|Any CPU
		{416D6BEF-4271-4D65-9B99-6FAF2B3A55A0}.AppStore|Any CPU.ActiveCfg = Release|Any CPU
		{416D6BEF-4271-4D65-9B99-6FAF2B3A55A0}.AppStore|Any CPU.Build.0 = Release|Any CPU
		{416D6BEF-4271-4D65-9B99-6FAF2B3A55A0}.AppStore|ARM.ActiveCfg = Release|Any CPU
		{416D6BEF-4271-4D65-9B99-6FAF2B3A55A0}.AppStore|iPhone.ActiveCfg = Release|Any CPU
		{416D6BEF-4271-4D65-9B99-6FAF2B3A55A0}.AppStore|iPhone.Build.0 = Release|Any CPU
		{416D6BEF-4271-4D65-9B99-6FAF2B3A55A0}.AppStore|iPhoneSimulator.ActiveCfg = Release|Any CPU
		{416D6BEF-4271-4D65-9B99-6FAF2B3A55A0}.AppStore|Mixed Platforms.ActiveCfg = Release|Any CPU
		{416D6BEF-4271-4D65-9B99-6FAF2B3A55A0}.AppStore|Mixed Platforms.Build.0 = Release|Any CPU
		{416D6BEF-4271-4D65-9B99-6FAF2B3A55A0}.AppStore|x64.ActiveCfg = Debug|Any CPU
		{416D6BEF-4271-4D65-9B99-6FAF2B3A55A0}.AppStore|x86.ActiveCfg = Release|Any CPU
		{416D6BEF-4271-4D65-9B99-6FAF2B3A55A0}.Debug|Any CPU.ActiveCfg = Debug|Any CPU
		{416D6BEF-4271-4D65-9B99-6FAF2B3A55A0}.Debug|Any CPU.Build.0 = Debug|Any CPU
		{416D6BEF-4271-4D65-9B99-6FAF2B3A55A0}.Debug|ARM.ActiveCfg = Debug|Any CPU
		{416D6BEF-4271-4D65-9B99-6FAF2B3A55A0}.Debug|ARM.Build.0 = Debug|Any CPU
		{416D6BEF-4271-4D65-9B99-6FAF2B3A55A0}.Debug|iPhone.ActiveCfg = Debug|Any CPU
		{416D6BEF-4271-4D65-9B99-6FAF2B3A55A0}.Debug|iPhone.Build.0 = Debug|Any CPU
		{416D6BEF-4271-4D65-9B99-6FAF2B3A55A0}.Debug|iPhoneSimulator.ActiveCfg = Debug|Any CPU
		{416D6BEF-4271-4D65-9B99-6FAF2B3A55A0}.Debug|iPhoneSimulator.Build.0 = Debug|Any CPU
		{416D6BEF-4271-4D65-9B99-6FAF2B3A55A0}.Debug|Mixed Platforms.ActiveCfg = Debug|Any CPU
		{416D6BEF-4271-4D65-9B99-6FAF2B3A55A0}.Debug|Mixed Platforms.Build.0 = Debug|Any CPU
		{416D6BEF-4271-4D65-9B99-6FAF2B3A55A0}.Debug|x64.ActiveCfg = Debug|Any CPU
		{416D6BEF-4271-4D65-9B99-6FAF2B3A55A0}.Debug|x86.ActiveCfg = Debug|Any CPU
		{416D6BEF-4271-4D65-9B99-6FAF2B3A55A0}.Debug|x86.Build.0 = Debug|Any CPU
		{416D6BEF-4271-4D65-9B99-6FAF2B3A55A0}.Release|Any CPU.ActiveCfg = Release|Any CPU
		{416D6BEF-4271-4D65-9B99-6FAF2B3A55A0}.Release|Any CPU.Build.0 = Release|Any CPU
		{416D6BEF-4271-4D65-9B99-6FAF2B3A55A0}.Release|ARM.ActiveCfg = Release|Any CPU
		{416D6BEF-4271-4D65-9B99-6FAF2B3A55A0}.Release|iPhone.ActiveCfg = Release|Any CPU
		{416D6BEF-4271-4D65-9B99-6FAF2B3A55A0}.Release|iPhone.Build.0 = Release|Any CPU
		{416D6BEF-4271-4D65-9B99-6FAF2B3A55A0}.Release|iPhoneSimulator.ActiveCfg = Release|Any CPU
		{416D6BEF-4271-4D65-9B99-6FAF2B3A55A0}.Release|iPhoneSimulator.Build.0 = Release|Any CPU
		{416D6BEF-4271-4D65-9B99-6FAF2B3A55A0}.Release|Mixed Platforms.ActiveCfg = Release|Any CPU
		{416D6BEF-4271-4D65-9B99-6FAF2B3A55A0}.Release|Mixed Platforms.Build.0 = Release|Any CPU
		{416D6BEF-4271-4D65-9B99-6FAF2B3A55A0}.Release|x64.ActiveCfg = Release|Any CPU
		{416D6BEF-4271-4D65-9B99-6FAF2B3A55A0}.Release|x86.ActiveCfg = Release|Any CPU
		{416D6BEF-4271-4D65-9B99-6FAF2B3A55A0}.Release|x86.Build.0 = Release|Any CPU
		{416D6BEF-4271-4D65-9B99-6FAF2B3A55A0}.Tests|Any CPU.ActiveCfg = Debug|Any CPU
		{416D6BEF-4271-4D65-9B99-6FAF2B3A55A0}.Tests|Any CPU.Build.0 = Debug|Any CPU
		{416D6BEF-4271-4D65-9B99-6FAF2B3A55A0}.Tests|ARM.ActiveCfg = Debug|Any CPU
		{416D6BEF-4271-4D65-9B99-6FAF2B3A55A0}.Tests|ARM.Build.0 = Debug|Any CPU
		{416D6BEF-4271-4D65-9B99-6FAF2B3A55A0}.Tests|iPhone.ActiveCfg = Debug|Any CPU
		{416D6BEF-4271-4D65-9B99-6FAF2B3A55A0}.Tests|iPhone.Build.0 = Debug|Any CPU
		{416D6BEF-4271-4D65-9B99-6FAF2B3A55A0}.Tests|iPhoneSimulator.ActiveCfg = Debug|Any CPU
		{416D6BEF-4271-4D65-9B99-6FAF2B3A55A0}.Tests|iPhoneSimulator.Build.0 = Debug|Any CPU
		{416D6BEF-4271-4D65-9B99-6FAF2B3A55A0}.Tests|Mixed Platforms.ActiveCfg = Debug|Any CPU
		{416D6BEF-4271-4D65-9B99-6FAF2B3A55A0}.Tests|Mixed Platforms.Build.0 = Debug|Any CPU
		{416D6BEF-4271-4D65-9B99-6FAF2B3A55A0}.Tests|x64.ActiveCfg = Debug|Any CPU
		{416D6BEF-4271-4D65-9B99-6FAF2B3A55A0}.Tests|x64.Build.0 = Debug|Any CPU
		{416D6BEF-4271-4D65-9B99-6FAF2B3A55A0}.Tests|x86.ActiveCfg = Debug|Any CPU
		{416D6BEF-4271-4D65-9B99-6FAF2B3A55A0}.Tests|x86.Build.0 = Debug|Any CPU
	EndGlobalSection
	GlobalSection(SolutionProperties) = preSolution
		HideSolutionNode = FALSE
	EndGlobalSection
	GlobalSection(ExtensibilityGlobals) = postSolution
		SolutionGuid = {E99134A8-4045-4964-82C1-35503B2EE254}
	EndGlobalSection
EndGlobal
