
Microsoft Visual Studio Solution File, Format Version 12.00
# Visual Studio 14
VisualStudioVersion = 14.0.25420.1
MinimumVisualStudioVersion = 10.0.40219.1
Project("{FAE04EC0-301F-11D3-BF4B-00C04F79EFBC}") = "SDKBrowser", "SDKBrowser\SDKBrowser\SDKBrowser.csproj", "{416D6BEF-4271-4D65-9B99-6FAF2B3A55A0}"
EndProject
Project("{FAE04EC0-301F-11D3-BF4B-00C04F79EFBC}") = "SDKBrowser.iOS", "SDKBrowser\SDKBrowser.iOS\SDKBrowser.iOS.csproj", "{7CDF49EC-727C-470B-BC1C-0F70D19F98F4}"
EndProject
Project("{FAE04EC0-301F-11D3-BF4B-00C04F79EFBC}") = "SDKBrowser.Android", "SDKBrowser\SDKBrowser.Android\SDKBrowser.Android.csproj", "{D0229CD7-0786-4462-B449-9B336A92E23E}"
EndProject
Project("{FAE04EC0-301F-11D3-BF4B-00C04F79EFBC}") = "SDKBrowser.WinPhone", "SDKBrowser\SDKBrowser.WinPhone\SDKBrowser.WinPhone.csproj", "{D60EE42D-7BCA-4650-9420-422006A1421D}"
EndProject
Project("{2150E333-8FDC-42A3-9474-1A3956D46DE8}") = "SDKBrowser.WinRT", "SDKBrowser.WinRT", "{E03C62FB-1DCB-4711-A1CA-23DC06A218E7}"
EndProject
Project("{D954291E-2A0B-460D-934E-DC6B0785DB48}") = "SDKBrowser.WinRT.Shared", "SDKBrowser\SDKBrowser.WinRT\SDKBrowser.RT.Shared\SDKBrowser.WinRT.Shared.shproj", "{DD9E9673-8A60-49B7-BE3C-EE1584DB4EE7}"
EndProject
Project("{FAE04EC0-301F-11D3-BF4B-00C04F79EFBC}") = "SDKBrowser.Windows", "SDKBrowser\SDKBrowser.WinRT\SDKBrowser.RT.Win\SDKBrowser.Windows.csproj", "{EEC3B8BE-6237-44DB-B8EB-044A0A4ECF5B}"
EndProject
Project("{FAE04EC0-301F-11D3-BF4B-00C04F79EFBC}") = "SDKBrowser.WindowsPhone", "SDKBrowser\SDKBrowser.WinRT\SDKBrowser.RT.WinPhone\SDKBrowser.WindowsPhone.csproj", "{F429152C-3501-467E-BB99-4F0F4EA14150}"
EndProject
Project("{FAE04EC0-301F-11D3-BF4B-00C04F79EFBC}") = "SDKBrowser.UWP", "SDKBrowser\SDKBrowser.UWP\SDKBrowser.UWP.csproj", "{1F12E361-2F76-4E96-B36A-96C03D6AFD6E}"
EndProject
Global
	GlobalSection(SharedMSBuildProjectFiles) = preSolution
		SDKBrowser\SDKBrowser.WinRT\SDKBrowser.RT.Shared\SDKBrowser.WinRT.Shared.projitems*{1f12e361-2f76-4e96-b36a-96c03d6afd6e}*SharedItemsImports = 4
		SDKBrowser\SDKBrowser.WinRT\SDKBrowser.RT.Shared\SDKBrowser.WinRT.Shared.projitems*{dd9e9673-8a60-49b7-be3c-ee1584db4ee7}*SharedItemsImports = 13
		SDKBrowser\SDKBrowser.WinRT\SDKBrowser.RT.Shared\SDKBrowser.WinRT.Shared.projitems*{eec3b8be-6237-44db-b8eb-044a0a4ecf5b}*SharedItemsImports = 4
		SDKBrowser\SDKBrowser.WinRT\SDKBrowser.RT.Shared\SDKBrowser.WinRT.Shared.projitems*{f429152c-3501-467e-bb99-4f0f4ea14150}*SharedItemsImports = 4
	EndGlobalSection
	GlobalSection(SolutionConfigurationPlatforms) = preSolution
		Ad-Hoc|Any CPU = Ad-Hoc|Any CPU
		Ad-Hoc|ARM = Ad-Hoc|ARM
		Ad-Hoc|iPhone = Ad-Hoc|iPhone
		Ad-Hoc|iPhoneSimulator = Ad-Hoc|iPhoneSimulator
		Ad-Hoc|Mixed Platforms = Ad-Hoc|Mixed Platforms
		Ad-Hoc|x64 = Ad-Hoc|x64
		Ad-Hoc|x86 = Ad-Hoc|x86
		AppStore|Any CPU = AppStore|Any CPU
		AppStore|ARM = AppStore|ARM
		AppStore|iPhone = AppStore|iPhone
		AppStore|iPhoneSimulator = AppStore|iPhoneSimulator
		AppStore|Mixed Platforms = AppStore|Mixed Platforms
		AppStore|x64 = AppStore|x64
		AppStore|x86 = AppStore|x86
		Debug|Any CPU = Debug|Any CPU
		Debug|ARM = Debug|ARM
		Debug|iPhone = Debug|iPhone
		Debug|iPhoneSimulator = Debug|iPhoneSimulator
		Debug|Mixed Platforms = Debug|Mixed Platforms
		Debug|x64 = Debug|x64
		Debug|x86 = Debug|x86
		Release|Any CPU = Release|Any CPU
		Release|ARM = Release|ARM
		Release|iPhone = Release|iPhone
		Release|iPhoneSimulator = Release|iPhoneSimulator
		Release|Mixed Platforms = Release|Mixed Platforms
		Release|x64 = Release|x64
		Release|x86 = Release|x86
	EndGlobalSection
	GlobalSection(ProjectConfigurationPlatforms) = postSolution
		{416D6BEF-4271-4D65-9B99-6FAF2B3A55A0}.Ad-Hoc|Any CPU.ActiveCfg = Release|Any CPU
		{416D6BEF-4271-4D65-9B99-6FAF2B3A55A0}.Ad-Hoc|Any CPU.Build.0 = Release|Any CPU
		{416D6BEF-4271-4D65-9B99-6FAF2B3A55A0}.Ad-Hoc|ARM.ActiveCfg = Release|Any CPU
		{416D6BEF-4271-4D65-9B99-6FAF2B3A55A0}.Ad-Hoc|iPhone.ActiveCfg = Release|Any CPU
		{416D6BEF-4271-4D65-9B99-6FAF2B3A55A0}.Ad-Hoc|iPhone.Build.0 = Release|Any CPU
		{416D6BEF-4271-4D65-9B99-6FAF2B3A55A0}.Ad-Hoc|iPhoneSimulator.ActiveCfg = Release|Any CPU
		{416D6BEF-4271-4D65-9B99-6FAF2B3A55A0}.Ad-Hoc|Mixed Platforms.ActiveCfg = Release|Any CPU
		{416D6BEF-4271-4D65-9B99-6FAF2B3A55A0}.Ad-Hoc|Mixed Platforms.Build.0 = Release|Any CPU
		{416D6BEF-4271-4D65-9B99-6FAF2B3A55A0}.Ad-Hoc|x64.ActiveCfg = Debug|Any CPU
		{416D6BEF-4271-4D65-9B99-6FAF2B3A55A0}.Ad-Hoc|x86.ActiveCfg = Release|Any CPU
		{416D6BEF-4271-4D65-9B99-6FAF2B3A55A0}.AppStore|Any CPU.ActiveCfg = Release|Any CPU
		{416D6BEF-4271-4D65-9B99-6FAF2B3A55A0}.AppStore|Any CPU.Build.0 = Release|Any CPU
		{416D6BEF-4271-4D65-9B99-6FAF2B3A55A0}.AppStore|ARM.ActiveCfg = Release|Any CPU
		{416D6BEF-4271-4D65-9B99-6FAF2B3A55A0}.AppStore|iPhone.ActiveCfg = Release|Any CPU
		{416D6BEF-4271-4D65-9B99-6FAF2B3A55A0}.AppStore|iPhoneSimulator.ActiveCfg = Release|Any CPU
		{416D6BEF-4271-4D65-9B99-6FAF2B3A55A0}.AppStore|Mixed Platforms.ActiveCfg = Release|Any CPU
		{416D6BEF-4271-4D65-9B99-6FAF2B3A55A0}.AppStore|Mixed Platforms.Build.0 = Release|Any CPU
		{416D6BEF-4271-4D65-9B99-6FAF2B3A55A0}.AppStore|x64.ActiveCfg = Debug|Any CPU
		{416D6BEF-4271-4D65-9B99-6FAF2B3A55A0}.AppStore|x86.ActiveCfg = Release|Any CPU
		{416D6BEF-4271-4D65-9B99-6FAF2B3A55A0}.Debug|Any CPU.ActiveCfg = Debug|Any CPU
		{416D6BEF-4271-4D65-9B99-6FAF2B3A55A0}.Debug|Any CPU.Build.0 = Debug|Any CPU
		{416D6BEF-4271-4D65-9B99-6FAF2B3A55A0}.Debug|ARM.ActiveCfg = Debug|Any CPU
		{416D6BEF-4271-4D65-9B99-6FAF2B3A55A0}.Debug|ARM.Build.0 = Debug|Any CPU
		{416D6BEF-4271-4D65-9B99-6FAF2B3A55A0}.Debug|iPhone.ActiveCfg = Debug|Any CPU
		{416D6BEF-4271-4D65-9B99-6FAF2B3A55A0}.Debug|iPhone.Build.0 = Debug|Any CPU
		{416D6BEF-4271-4D65-9B99-6FAF2B3A55A0}.Debug|iPhoneSimulator.ActiveCfg = Debug|Any CPU
		{416D6BEF-4271-4D65-9B99-6FAF2B3A55A0}.Debug|iPhoneSimulator.Build.0 = Debug|Any CPU
		{416D6BEF-4271-4D65-9B99-6FAF2B3A55A0}.Debug|Mixed Platforms.ActiveCfg = Debug|Any CPU
		{416D6BEF-4271-4D65-9B99-6FAF2B3A55A0}.Debug|Mixed Platforms.Build.0 = Debug|Any CPU
		{416D6BEF-4271-4D65-9B99-6FAF2B3A55A0}.Debug|x64.ActiveCfg = Debug|Any CPU
		{416D6BEF-4271-4D65-9B99-6FAF2B3A55A0}.Debug|x86.ActiveCfg = Debug|Any CPU
		{416D6BEF-4271-4D65-9B99-6FAF2B3A55A0}.Debug|x86.Build.0 = Debug|Any CPU
		{416D6BEF-4271-4D65-9B99-6FAF2B3A55A0}.Release|Any CPU.ActiveCfg = Release|Any CPU
		{416D6BEF-4271-4D65-9B99-6FAF2B3A55A0}.Release|Any CPU.Build.0 = Release|Any CPU
		{416D6BEF-4271-4D65-9B99-6FAF2B3A55A0}.Release|ARM.ActiveCfg = Release|Any CPU
		{416D6BEF-4271-4D65-9B99-6FAF2B3A55A0}.Release|iPhone.ActiveCfg = Release|Any CPU
		{416D6BEF-4271-4D65-9B99-6FAF2B3A55A0}.Release|iPhone.Build.0 = Release|Any CPU
		{416D6BEF-4271-4D65-9B99-6FAF2B3A55A0}.Release|iPhoneSimulator.ActiveCfg = Release|Any CPU
		{416D6BEF-4271-4D65-9B99-6FAF2B3A55A0}.Release|iPhoneSimulator.Build.0 = Release|Any CPU
		{416D6BEF-4271-4D65-9B99-6FAF2B3A55A0}.Release|Mixed Platforms.ActiveCfg = Release|Any CPU
		{416D6BEF-4271-4D65-9B99-6FAF2B3A55A0}.Release|Mixed Platforms.Build.0 = Release|Any CPU
		{416D6BEF-4271-4D65-9B99-6FAF2B3A55A0}.Release|x64.ActiveCfg = Release|Any CPU
		{416D6BEF-4271-4D65-9B99-6FAF2B3A55A0}.Release|x86.ActiveCfg = Release|Any CPU
		{7CDF49EC-727C-470B-BC1C-0F70D19F98F4}.Ad-Hoc|Any CPU.ActiveCfg = Ad-Hoc|iPhone
		{7CDF49EC-727C-470B-BC1C-0F70D19F98F4}.Ad-Hoc|ARM.ActiveCfg = Ad-Hoc|iPhone
		{7CDF49EC-727C-470B-BC1C-0F70D19F98F4}.Ad-Hoc|iPhone.ActiveCfg = Ad-Hoc|iPhone
		{7CDF49EC-727C-470B-BC1C-0F70D19F98F4}.Ad-Hoc|iPhone.Build.0 = Ad-Hoc|iPhone
		{7CDF49EC-727C-470B-BC1C-0F70D19F98F4}.Ad-Hoc|iPhone.Deploy.0 = Ad-Hoc|iPhone
		{7CDF49EC-727C-470B-BC1C-0F70D19F98F4}.Ad-Hoc|iPhoneSimulator.ActiveCfg = Ad-Hoc|iPhoneSimulator
		{7CDF49EC-727C-470B-BC1C-0F70D19F98F4}.Ad-Hoc|iPhoneSimulator.Build.0 = Ad-Hoc|iPhoneSimulator
		{7CDF49EC-727C-470B-BC1C-0F70D19F98F4}.Ad-Hoc|iPhoneSimulator.Deploy.0 = Ad-Hoc|iPhoneSimulator
		{7CDF49EC-727C-470B-BC1C-0F70D19F98F4}.Ad-Hoc|Mixed Platforms.ActiveCfg = Ad-Hoc|iPhone
		{7CDF49EC-727C-470B-BC1C-0F70D19F98F4}.Ad-Hoc|Mixed Platforms.Build.0 = Ad-Hoc|iPhone
		{7CDF49EC-727C-470B-BC1C-0F70D19F98F4}.Ad-Hoc|Mixed Platforms.Deploy.0 = Ad-Hoc|iPhone
		{7CDF49EC-727C-470B-BC1C-0F70D19F98F4}.Ad-Hoc|x64.ActiveCfg = Ad-Hoc|iPhoneSimulator
		{7CDF49EC-727C-470B-BC1C-0F70D19F98F4}.Ad-Hoc|x86.ActiveCfg = Ad-Hoc|iPhone
		{7CDF49EC-727C-470B-BC1C-0F70D19F98F4}.AppStore|Any CPU.ActiveCfg = AppStore|iPhone
		{7CDF49EC-727C-470B-BC1C-0F70D19F98F4}.AppStore|ARM.ActiveCfg = AppStore|iPhone
		{7CDF49EC-727C-470B-BC1C-0F70D19F98F4}.AppStore|iPhone.ActiveCfg = AppStore|iPhone
		{7CDF49EC-727C-470B-BC1C-0F70D19F98F4}.AppStore|iPhone.Build.0 = AppStore|iPhone
		{7CDF49EC-727C-470B-BC1C-0F70D19F98F4}.AppStore|iPhone.Deploy.0 = AppStore|iPhone
		{7CDF49EC-727C-470B-BC1C-0F70D19F98F4}.AppStore|iPhoneSimulator.ActiveCfg = AppStore|iPhoneSimulator
		{7CDF49EC-727C-470B-BC1C-0F70D19F98F4}.AppStore|iPhoneSimulator.Build.0 = AppStore|iPhoneSimulator
		{7CDF49EC-727C-470B-BC1C-0F70D19F98F4}.AppStore|iPhoneSimulator.Deploy.0 = AppStore|iPhoneSimulator
		{7CDF49EC-727C-470B-BC1C-0F70D19F98F4}.AppStore|Mixed Platforms.ActiveCfg = AppStore|iPhone
		{7CDF49EC-727C-470B-BC1C-0F70D19F98F4}.AppStore|Mixed Platforms.Build.0 = AppStore|iPhone
		{7CDF49EC-727C-470B-BC1C-0F70D19F98F4}.AppStore|Mixed Platforms.Deploy.0 = AppStore|iPhone
		{7CDF49EC-727C-470B-BC1C-0F70D19F98F4}.AppStore|x64.ActiveCfg = AppStore|iPhoneSimulator
		{7CDF49EC-727C-470B-BC1C-0F70D19F98F4}.AppStore|x86.ActiveCfg = AppStore|iPhone
		{7CDF49EC-727C-470B-BC1C-0F70D19F98F4}.Debug|Any CPU.ActiveCfg = Debug|iPhoneSimulator
		{7CDF49EC-727C-470B-BC1C-0F70D19F98F4}.Debug|ARM.ActiveCfg = Debug|iPhone
		{7CDF49EC-727C-470B-BC1C-0F70D19F98F4}.Debug|iPhone.ActiveCfg = Debug|iPhone
		{7CDF49EC-727C-470B-BC1C-0F70D19F98F4}.Debug|iPhone.Build.0 = Debug|iPhone
		{7CDF49EC-727C-470B-BC1C-0F70D19F98F4}.Debug|iPhone.Deploy.0 = Debug|iPhone
		{7CDF49EC-727C-470B-BC1C-0F70D19F98F4}.Debug|iPhoneSimulator.ActiveCfg = Debug|iPhoneSimulator
		{7CDF49EC-727C-470B-BC1C-0F70D19F98F4}.Debug|iPhoneSimulator.Build.0 = Debug|iPhoneSimulator
		{7CDF49EC-727C-470B-BC1C-0F70D19F98F4}.Debug|iPhoneSimulator.Deploy.0 = Debug|iPhoneSimulator
		{7CDF49EC-727C-470B-BC1C-0F70D19F98F4}.Debug|Mixed Platforms.ActiveCfg = Debug|iPhoneSimulator
		{7CDF49EC-727C-470B-BC1C-0F70D19F98F4}.Debug|Mixed Platforms.Build.0 = Debug|iPhoneSimulator
		{7CDF49EC-727C-470B-BC1C-0F70D19F98F4}.Debug|Mixed Platforms.Deploy.0 = Debug|iPhoneSimulator
		{7CDF49EC-727C-470B-BC1C-0F70D19F98F4}.Debug|x64.ActiveCfg = Debug|iPhoneSimulator
		{7CDF49EC-727C-470B-BC1C-0F70D19F98F4}.Debug|x86.ActiveCfg = Debug|iPhone
		{7CDF49EC-727C-470B-BC1C-0F70D19F98F4}.Release|Any CPU.ActiveCfg = Release|iPhone
		{7CDF49EC-727C-470B-BC1C-0F70D19F98F4}.Release|ARM.ActiveCfg = Release|iPhone
		{7CDF49EC-727C-470B-BC1C-0F70D19F98F4}.Release|iPhone.ActiveCfg = Release|iPhoneSimulator
		{7CDF49EC-727C-470B-BC1C-0F70D19F98F4}.Release|iPhone.Build.0 = Release|iPhoneSimulator
		{7CDF49EC-727C-470B-BC1C-0F70D19F98F4}.Release|iPhone.Deploy.0 = Release|iPhoneSimulator
		{7CDF49EC-727C-470B-BC1C-0F70D19F98F4}.Release|iPhoneSimulator.ActiveCfg = Release|iPhoneSimulator
		{7CDF49EC-727C-470B-BC1C-0F70D19F98F4}.Release|iPhoneSimulator.Build.0 = Release|iPhoneSimulator
		{7CDF49EC-727C-470B-BC1C-0F70D19F98F4}.Release|iPhoneSimulator.Deploy.0 = Release|iPhoneSimulator
		{7CDF49EC-727C-470B-BC1C-0F70D19F98F4}.Release|Mixed Platforms.ActiveCfg = Release|iPhoneSimulator
		{7CDF49EC-727C-470B-BC1C-0F70D19F98F4}.Release|Mixed Platforms.Build.0 = Release|iPhoneSimulator
		{7CDF49EC-727C-470B-BC1C-0F70D19F98F4}.Release|Mixed Platforms.Deploy.0 = Release|iPhoneSimulator
		{7CDF49EC-727C-470B-BC1C-0F70D19F98F4}.Release|x64.ActiveCfg = Release|iPhoneSimulator
		{7CDF49EC-727C-470B-BC1C-0F70D19F98F4}.Release|x86.ActiveCfg = Release|iPhone
		{7CDF49EC-727C-470B-BC1C-0F70D19F98F4}.Debug|Any CPU.Build.0 = Debug|iPhoneSimulator
		{D0229CD7-0786-4462-B449-9B336A92E23E}.Ad-Hoc|Any CPU.ActiveCfg = Release|Any CPU
		{D0229CD7-0786-4462-B449-9B336A92E23E}.Ad-Hoc|Any CPU.Build.0 = Release|Any CPU
		{D0229CD7-0786-4462-B449-9B336A92E23E}.Ad-Hoc|Any CPU.Deploy.0 = Release|Any CPU
		{D0229CD7-0786-4462-B449-9B336A92E23E}.Ad-Hoc|ARM.ActiveCfg = Release|Any CPU
		{D0229CD7-0786-4462-B449-9B336A92E23E}.Ad-Hoc|iPhone.ActiveCfg = Release|Any CPU
		{D0229CD7-0786-4462-B449-9B336A92E23E}.Ad-Hoc|iPhoneSimulator.ActiveCfg = Release|Any CPU
		{D0229CD7-0786-4462-B449-9B336A92E23E}.Ad-Hoc|Mixed Platforms.ActiveCfg = Release|Any CPU
		{D0229CD7-0786-4462-B449-9B336A92E23E}.Ad-Hoc|Mixed Platforms.Build.0 = Release|Any CPU
		{D0229CD7-0786-4462-B449-9B336A92E23E}.Ad-Hoc|Mixed Platforms.Deploy.0 = Release|Any CPU
		{D0229CD7-0786-4462-B449-9B336A92E23E}.Ad-Hoc|x64.ActiveCfg = Debug|Any CPU
		{D0229CD7-0786-4462-B449-9B336A92E23E}.Ad-Hoc|x86.ActiveCfg = Release|Any CPU
		{D0229CD7-0786-4462-B449-9B336A92E23E}.AppStore|Any CPU.ActiveCfg = Release|Any CPU
		{D0229CD7-0786-4462-B449-9B336A92E23E}.AppStore|Any CPU.Build.0 = Release|Any CPU
		{D0229CD7-0786-4462-B449-9B336A92E23E}.AppStore|Any CPU.Deploy.0 = Release|Any CPU
		{D0229CD7-0786-4462-B449-9B336A92E23E}.AppStore|ARM.ActiveCfg = Release|Any CPU
		{D0229CD7-0786-4462-B449-9B336A92E23E}.AppStore|iPhone.ActiveCfg = Release|Any CPU
		{D0229CD7-0786-4462-B449-9B336A92E23E}.AppStore|iPhoneSimulator.ActiveCfg = Release|Any CPU
		{D0229CD7-0786-4462-B449-9B336A92E23E}.AppStore|Mixed Platforms.ActiveCfg = Release|Any CPU
		{D0229CD7-0786-4462-B449-9B336A92E23E}.AppStore|Mixed Platforms.Build.0 = Release|Any CPU
		{D0229CD7-0786-4462-B449-9B336A92E23E}.AppStore|Mixed Platforms.Deploy.0 = Release|Any CPU
		{D0229CD7-0786-4462-B449-9B336A92E23E}.AppStore|x64.ActiveCfg = Debug|Any CPU
		{D0229CD7-0786-4462-B449-9B336A92E23E}.AppStore|x86.ActiveCfg = Release|Any CPU
		{D0229CD7-0786-4462-B449-9B336A92E23E}.Debug|Any CPU.ActiveCfg = Debug|Any CPU
		{D0229CD7-0786-4462-B449-9B336A92E23E}.Debug|Any CPU.Build.0 = Debug|Any CPU
		{D0229CD7-0786-4462-B449-9B336A92E23E}.Debug|Any CPU.Deploy.0 = Debug|Any CPU
		{D0229CD7-0786-4462-B449-9B336A92E23E}.Debug|ARM.ActiveCfg = Debug|Any CPU
		{D0229CD7-0786-4462-B449-9B336A92E23E}.Debug|iPhone.ActiveCfg = Debug|Any CPU
		{D0229CD7-0786-4462-B449-9B336A92E23E}.Debug|iPhone.Build.0 = Debug|Any CPU
		{D0229CD7-0786-4462-B449-9B336A92E23E}.Debug|iPhone.Deploy.0 = Debug|Any CPU
		{D0229CD7-0786-4462-B449-9B336A92E23E}.Debug|iPhoneSimulator.ActiveCfg = Debug|Any CPU
		{D0229CD7-0786-4462-B449-9B336A92E23E}.Debug|Mixed Platforms.ActiveCfg = Debug|Any CPU
		{D0229CD7-0786-4462-B449-9B336A92E23E}.Debug|Mixed Platforms.Build.0 = Debug|Any CPU
		{D0229CD7-0786-4462-B449-9B336A92E23E}.Debug|Mixed Platforms.Deploy.0 = Debug|Any CPU
		{D0229CD7-0786-4462-B449-9B336A92E23E}.Debug|x64.ActiveCfg = Debug|Any CPU
		{D0229CD7-0786-4462-B449-9B336A92E23E}.Debug|x86.ActiveCfg = Debug|Any CPU
		{D0229CD7-0786-4462-B449-9B336A92E23E}.Release|Any CPU.ActiveCfg = Release|Any CPU
		{D0229CD7-0786-4462-B449-9B336A92E23E}.Release|Any CPU.Build.0 = Release|Any CPU
		{D0229CD7-0786-4462-B449-9B336A92E23E}.Release|Any CPU.Deploy.0 = Release|Any CPU
		{D0229CD7-0786-4462-B449-9B336A92E23E}.Release|ARM.ActiveCfg = Release|Any CPU
		{D0229CD7-0786-4462-B449-9B336A92E23E}.Release|iPhone.ActiveCfg = Release|Any CPU
		{D0229CD7-0786-4462-B449-9B336A92E23E}.Release|iPhoneSimulator.ActiveCfg = Release|Any CPU
		{D0229CD7-0786-4462-B449-9B336A92E23E}.Release|Mixed Platforms.ActiveCfg = Release|Any CPU
		{D0229CD7-0786-4462-B449-9B336A92E23E}.Release|Mixed Platforms.Build.0 = Release|Any CPU
		{D0229CD7-0786-4462-B449-9B336A92E23E}.Release|Mixed Platforms.Deploy.0 = Release|Any CPU
		{D0229CD7-0786-4462-B449-9B336A92E23E}.Release|x64.ActiveCfg = Release|Any CPU
		{D0229CD7-0786-4462-B449-9B336A92E23E}.Release|x86.ActiveCfg = Release|Any CPU
		{D60EE42D-7BCA-4650-9420-422006A1421D}.Ad-Hoc|Any CPU.ActiveCfg = Release|Any CPU
		{D60EE42D-7BCA-4650-9420-422006A1421D}.Ad-Hoc|Any CPU.Build.0 = Release|Any CPU
		{D60EE42D-7BCA-4650-9420-422006A1421D}.Ad-Hoc|Any CPU.Deploy.0 = Release|Any CPU
		{D60EE42D-7BCA-4650-9420-422006A1421D}.Ad-Hoc|ARM.ActiveCfg = Release|ARM
		{D60EE42D-7BCA-4650-9420-422006A1421D}.Ad-Hoc|ARM.Build.0 = Release|ARM
		{D60EE42D-7BCA-4650-9420-422006A1421D}.Ad-Hoc|ARM.Deploy.0 = Release|ARM
		{D60EE42D-7BCA-4650-9420-422006A1421D}.Ad-Hoc|iPhone.ActiveCfg = Release|Any CPU
		{D60EE42D-7BCA-4650-9420-422006A1421D}.Ad-Hoc|iPhoneSimulator.ActiveCfg = Release|Any CPU
		{D60EE42D-7BCA-4650-9420-422006A1421D}.Ad-Hoc|Mixed Platforms.ActiveCfg = Release|x86
		{D60EE42D-7BCA-4650-9420-422006A1421D}.Ad-Hoc|Mixed Platforms.Build.0 = Release|x86
		{D60EE42D-7BCA-4650-9420-422006A1421D}.Ad-Hoc|Mixed Platforms.Deploy.0 = Release|x86
		{D60EE42D-7BCA-4650-9420-422006A1421D}.Ad-Hoc|x64.ActiveCfg = Debug|Any CPU
		{D60EE42D-7BCA-4650-9420-422006A1421D}.Ad-Hoc|x86.ActiveCfg = Release|x86
		{D60EE42D-7BCA-4650-9420-422006A1421D}.Ad-Hoc|x86.Build.0 = Release|x86
		{D60EE42D-7BCA-4650-9420-422006A1421D}.Ad-Hoc|x86.Deploy.0 = Release|x86
		{D60EE42D-7BCA-4650-9420-422006A1421D}.AppStore|Any CPU.ActiveCfg = Release|Any CPU
		{D60EE42D-7BCA-4650-9420-422006A1421D}.AppStore|Any CPU.Build.0 = Release|Any CPU
		{D60EE42D-7BCA-4650-9420-422006A1421D}.AppStore|Any CPU.Deploy.0 = Release|Any CPU
		{D60EE42D-7BCA-4650-9420-422006A1421D}.AppStore|ARM.ActiveCfg = Release|ARM
		{D60EE42D-7BCA-4650-9420-422006A1421D}.AppStore|ARM.Build.0 = Release|ARM
		{D60EE42D-7BCA-4650-9420-422006A1421D}.AppStore|ARM.Deploy.0 = Release|ARM
		{D60EE42D-7BCA-4650-9420-422006A1421D}.AppStore|iPhone.ActiveCfg = Release|Any CPU
		{D60EE42D-7BCA-4650-9420-422006A1421D}.AppStore|iPhoneSimulator.ActiveCfg = Release|Any CPU
		{D60EE42D-7BCA-4650-9420-422006A1421D}.AppStore|Mixed Platforms.ActiveCfg = Release|x86
		{D60EE42D-7BCA-4650-9420-422006A1421D}.AppStore|Mixed Platforms.Build.0 = Release|x86
		{D60EE42D-7BCA-4650-9420-422006A1421D}.AppStore|Mixed Platforms.Deploy.0 = Release|x86
		{D60EE42D-7BCA-4650-9420-422006A1421D}.AppStore|x64.ActiveCfg = Debug|Any CPU
		{D60EE42D-7BCA-4650-9420-422006A1421D}.AppStore|x86.ActiveCfg = Release|x86
		{D60EE42D-7BCA-4650-9420-422006A1421D}.AppStore|x86.Build.0 = Release|x86
		{D60EE42D-7BCA-4650-9420-422006A1421D}.AppStore|x86.Deploy.0 = Release|x86
		{D60EE42D-7BCA-4650-9420-422006A1421D}.Debug|Any CPU.ActiveCfg = Debug|Any CPU
		{D60EE42D-7BCA-4650-9420-422006A1421D}.Debug|Any CPU.Build.0 = Debug|Any CPU
		{D60EE42D-7BCA-4650-9420-422006A1421D}.Debug|Any CPU.Deploy.0 = Debug|Any CPU
		{D60EE42D-7BCA-4650-9420-422006A1421D}.Debug|ARM.ActiveCfg = Debug|ARM
		{D60EE42D-7BCA-4650-9420-422006A1421D}.Debug|ARM.Build.0 = Debug|ARM
		{D60EE42D-7BCA-4650-9420-422006A1421D}.Debug|ARM.Deploy.0 = Debug|ARM
		{D60EE42D-7BCA-4650-9420-422006A1421D}.Debug|iPhone.ActiveCfg = Debug|Any CPU
		{D60EE42D-7BCA-4650-9420-422006A1421D}.Debug|iPhone.Build.0 = Debug|Any CPU
		{D60EE42D-7BCA-4650-9420-422006A1421D}.Debug|iPhone.Deploy.0 = Debug|Any CPU
		{D60EE42D-7BCA-4650-9420-422006A1421D}.Debug|iPhoneSimulator.ActiveCfg = Debug|Any CPU
		{D60EE42D-7BCA-4650-9420-422006A1421D}.Debug|Mixed Platforms.ActiveCfg = Debug|Any CPU
		{D60EE42D-7BCA-4650-9420-422006A1421D}.Debug|Mixed Platforms.Build.0 = Debug|Any CPU
		{D60EE42D-7BCA-4650-9420-422006A1421D}.Debug|Mixed Platforms.Deploy.0 = Debug|Any CPU
		{D60EE42D-7BCA-4650-9420-422006A1421D}.Debug|x64.ActiveCfg = Debug|Any CPU
		{D60EE42D-7BCA-4650-9420-422006A1421D}.Debug|x86.ActiveCfg = Debug|x86
		{D60EE42D-7BCA-4650-9420-422006A1421D}.Debug|x86.Build.0 = Debug|x86
		{D60EE42D-7BCA-4650-9420-422006A1421D}.Debug|x86.Deploy.0 = Debug|x86
		{D60EE42D-7BCA-4650-9420-422006A1421D}.Release|Any CPU.ActiveCfg = Release|Any CPU
		{D60EE42D-7BCA-4650-9420-422006A1421D}.Release|Any CPU.Build.0 = Release|Any CPU
		{D60EE42D-7BCA-4650-9420-422006A1421D}.Release|Any CPU.Deploy.0 = Release|Any CPU
		{D60EE42D-7BCA-4650-9420-422006A1421D}.Release|ARM.ActiveCfg = Release|ARM
		{D60EE42D-7BCA-4650-9420-422006A1421D}.Release|ARM.Build.0 = Release|ARM
		{D60EE42D-7BCA-4650-9420-422006A1421D}.Release|ARM.Deploy.0 = Release|ARM
		{D60EE42D-7BCA-4650-9420-422006A1421D}.Release|iPhone.ActiveCfg = Release|Any CPU
		{D60EE42D-7BCA-4650-9420-422006A1421D}.Release|iPhoneSimulator.ActiveCfg = Release|Any CPU
		{D60EE42D-7BCA-4650-9420-422006A1421D}.Release|Mixed Platforms.ActiveCfg = Release|x86
		{D60EE42D-7BCA-4650-9420-422006A1421D}.Release|Mixed Platforms.Build.0 = Release|x86
		{D60EE42D-7BCA-4650-9420-422006A1421D}.Release|Mixed Platforms.Deploy.0 = Release|x86
		{D60EE42D-7BCA-4650-9420-422006A1421D}.Release|x64.ActiveCfg = Release|Any CPU
		{D60EE42D-7BCA-4650-9420-422006A1421D}.Release|x86.ActiveCfg = Release|x86
		{D60EE42D-7BCA-4650-9420-422006A1421D}.Release|x86.Build.0 = Release|x86
		{D60EE42D-7BCA-4650-9420-422006A1421D}.Release|x86.Deploy.0 = Release|x86
		{EEC3B8BE-6237-44DB-B8EB-044A0A4ECF5B}.Ad-Hoc|Any CPU.ActiveCfg = Release|Any CPU
		{EEC3B8BE-6237-44DB-B8EB-044A0A4ECF5B}.Ad-Hoc|Any CPU.Build.0 = Release|Any CPU
		{EEC3B8BE-6237-44DB-B8EB-044A0A4ECF5B}.Ad-Hoc|Any CPU.Deploy.0 = Release|Any CPU
		{EEC3B8BE-6237-44DB-B8EB-044A0A4ECF5B}.Ad-Hoc|ARM.ActiveCfg = Release|ARM
		{EEC3B8BE-6237-44DB-B8EB-044A0A4ECF5B}.Ad-Hoc|ARM.Build.0 = Release|ARM
		{EEC3B8BE-6237-44DB-B8EB-044A0A4ECF5B}.Ad-Hoc|ARM.Deploy.0 = Release|ARM
		{EEC3B8BE-6237-44DB-B8EB-044A0A4ECF5B}.Ad-Hoc|iPhone.ActiveCfg = Release|Any CPU
		{EEC3B8BE-6237-44DB-B8EB-044A0A4ECF5B}.Ad-Hoc|iPhoneSimulator.ActiveCfg = Release|Any CPU
		{EEC3B8BE-6237-44DB-B8EB-044A0A4ECF5B}.Ad-Hoc|Mixed Platforms.ActiveCfg = Release|x86
		{EEC3B8BE-6237-44DB-B8EB-044A0A4ECF5B}.Ad-Hoc|Mixed Platforms.Build.0 = Release|x86
		{EEC3B8BE-6237-44DB-B8EB-044A0A4ECF5B}.Ad-Hoc|Mixed Platforms.Deploy.0 = Release|x86
		{EEC3B8BE-6237-44DB-B8EB-044A0A4ECF5B}.Ad-Hoc|x64.ActiveCfg = Release|x64
		{EEC3B8BE-6237-44DB-B8EB-044A0A4ECF5B}.Ad-Hoc|x64.Build.0 = Release|x64
		{EEC3B8BE-6237-44DB-B8EB-044A0A4ECF5B}.Ad-Hoc|x64.Deploy.0 = Release|x64
		{EEC3B8BE-6237-44DB-B8EB-044A0A4ECF5B}.Ad-Hoc|x86.ActiveCfg = Release|x86
		{EEC3B8BE-6237-44DB-B8EB-044A0A4ECF5B}.Ad-Hoc|x86.Build.0 = Release|x86
		{EEC3B8BE-6237-44DB-B8EB-044A0A4ECF5B}.Ad-Hoc|x86.Deploy.0 = Release|x86
		{EEC3B8BE-6237-44DB-B8EB-044A0A4ECF5B}.AppStore|Any CPU.ActiveCfg = Release|Any CPU
		{EEC3B8BE-6237-44DB-B8EB-044A0A4ECF5B}.AppStore|Any CPU.Build.0 = Release|Any CPU
		{EEC3B8BE-6237-44DB-B8EB-044A0A4ECF5B}.AppStore|Any CPU.Deploy.0 = Release|Any CPU
		{EEC3B8BE-6237-44DB-B8EB-044A0A4ECF5B}.AppStore|ARM.ActiveCfg = Release|ARM
		{EEC3B8BE-6237-44DB-B8EB-044A0A4ECF5B}.AppStore|ARM.Build.0 = Release|ARM
		{EEC3B8BE-6237-44DB-B8EB-044A0A4ECF5B}.AppStore|ARM.Deploy.0 = Release|ARM
		{EEC3B8BE-6237-44DB-B8EB-044A0A4ECF5B}.AppStore|iPhone.ActiveCfg = Release|Any CPU
		{EEC3B8BE-6237-44DB-B8EB-044A0A4ECF5B}.AppStore|iPhoneSimulator.ActiveCfg = Release|Any CPU
		{EEC3B8BE-6237-44DB-B8EB-044A0A4ECF5B}.AppStore|Mixed Platforms.ActiveCfg = Release|x86
		{EEC3B8BE-6237-44DB-B8EB-044A0A4ECF5B}.AppStore|Mixed Platforms.Build.0 = Release|x86
		{EEC3B8BE-6237-44DB-B8EB-044A0A4ECF5B}.AppStore|Mixed Platforms.Deploy.0 = Release|x86
		{EEC3B8BE-6237-44DB-B8EB-044A0A4ECF5B}.AppStore|x64.ActiveCfg = Release|x64
		{EEC3B8BE-6237-44DB-B8EB-044A0A4ECF5B}.AppStore|x64.Build.0 = Release|x64
		{EEC3B8BE-6237-44DB-B8EB-044A0A4ECF5B}.AppStore|x64.Deploy.0 = Release|x64
		{EEC3B8BE-6237-44DB-B8EB-044A0A4ECF5B}.AppStore|x86.ActiveCfg = Release|x86
		{EEC3B8BE-6237-44DB-B8EB-044A0A4ECF5B}.AppStore|x86.Build.0 = Release|x86
		{EEC3B8BE-6237-44DB-B8EB-044A0A4ECF5B}.AppStore|x86.Deploy.0 = Release|x86
		{EEC3B8BE-6237-44DB-B8EB-044A0A4ECF5B}.Debug|Any CPU.ActiveCfg = Debug|Any CPU
		{EEC3B8BE-6237-44DB-B8EB-044A0A4ECF5B}.Debug|Any CPU.Build.0 = Debug|Any CPU
		{EEC3B8BE-6237-44DB-B8EB-044A0A4ECF5B}.Debug|Any CPU.Deploy.0 = Debug|Any CPU
		{EEC3B8BE-6237-44DB-B8EB-044A0A4ECF5B}.Debug|ARM.ActiveCfg = Debug|ARM
		{EEC3B8BE-6237-44DB-B8EB-044A0A4ECF5B}.Debug|ARM.Build.0 = Debug|ARM
		{EEC3B8BE-6237-44DB-B8EB-044A0A4ECF5B}.Debug|ARM.Deploy.0 = Debug|ARM
		{EEC3B8BE-6237-44DB-B8EB-044A0A4ECF5B}.Debug|iPhone.ActiveCfg = Debug|Any CPU
		{EEC3B8BE-6237-44DB-B8EB-044A0A4ECF5B}.Debug|iPhoneSimulator.ActiveCfg = Debug|Any CPU
		{EEC3B8BE-6237-44DB-B8EB-044A0A4ECF5B}.Debug|Mixed Platforms.ActiveCfg = Debug|Any CPU
		{EEC3B8BE-6237-44DB-B8EB-044A0A4ECF5B}.Debug|Mixed Platforms.Build.0 = Debug|Any CPU
		{EEC3B8BE-6237-44DB-B8EB-044A0A4ECF5B}.Debug|Mixed Platforms.Deploy.0 = Debug|Any CPU
		{EEC3B8BE-6237-44DB-B8EB-044A0A4ECF5B}.Debug|x64.ActiveCfg = Debug|x64
		{EEC3B8BE-6237-44DB-B8EB-044A0A4ECF5B}.Debug|x64.Build.0 = Debug|x64
		{EEC3B8BE-6237-44DB-B8EB-044A0A4ECF5B}.Debug|x64.Deploy.0 = Debug|x64
		{EEC3B8BE-6237-44DB-B8EB-044A0A4ECF5B}.Debug|x86.ActiveCfg = Debug|x86
		{EEC3B8BE-6237-44DB-B8EB-044A0A4ECF5B}.Debug|x86.Build.0 = Debug|x86
		{EEC3B8BE-6237-44DB-B8EB-044A0A4ECF5B}.Debug|x86.Deploy.0 = Debug|x86
		{EEC3B8BE-6237-44DB-B8EB-044A0A4ECF5B}.Release|Any CPU.ActiveCfg = Release|Any CPU
		{EEC3B8BE-6237-44DB-B8EB-044A0A4ECF5B}.Release|Any CPU.Build.0 = Release|Any CPU
		{EEC3B8BE-6237-44DB-B8EB-044A0A4ECF5B}.Release|Any CPU.Deploy.0 = Release|Any CPU
		{EEC3B8BE-6237-44DB-B8EB-044A0A4ECF5B}.Release|ARM.ActiveCfg = Release|ARM
		{EEC3B8BE-6237-44DB-B8EB-044A0A4ECF5B}.Release|ARM.Build.0 = Release|ARM
		{EEC3B8BE-6237-44DB-B8EB-044A0A4ECF5B}.Release|ARM.Deploy.0 = Release|ARM
		{EEC3B8BE-6237-44DB-B8EB-044A0A4ECF5B}.Release|iPhone.ActiveCfg = Release|Any CPU
		{EEC3B8BE-6237-44DB-B8EB-044A0A4ECF5B}.Release|iPhoneSimulator.ActiveCfg = Release|Any CPU
		{EEC3B8BE-6237-44DB-B8EB-044A0A4ECF5B}.Release|Mixed Platforms.ActiveCfg = Release|x86
		{EEC3B8BE-6237-44DB-B8EB-044A0A4ECF5B}.Release|Mixed Platforms.Build.0 = Release|x86
		{EEC3B8BE-6237-44DB-B8EB-044A0A4ECF5B}.Release|Mixed Platforms.Deploy.0 = Release|x86
		{EEC3B8BE-6237-44DB-B8EB-044A0A4ECF5B}.Release|x64.ActiveCfg = Release|x64
		{EEC3B8BE-6237-44DB-B8EB-044A0A4ECF5B}.Release|x64.Build.0 = Release|x64
		{EEC3B8BE-6237-44DB-B8EB-044A0A4ECF5B}.Release|x64.Deploy.0 = Release|x64
		{EEC3B8BE-6237-44DB-B8EB-044A0A4ECF5B}.Release|x86.ActiveCfg = Release|x86
		{EEC3B8BE-6237-44DB-B8EB-044A0A4ECF5B}.Release|x86.Build.0 = Release|x86
		{EEC3B8BE-6237-44DB-B8EB-044A0A4ECF5B}.Release|x86.Deploy.0 = Release|x86
		{F429152C-3501-467E-BB99-4F0F4EA14150}.Ad-Hoc|Any CPU.ActiveCfg = Release|Any CPU
		{F429152C-3501-467E-BB99-4F0F4EA14150}.Ad-Hoc|Any CPU.Build.0 = Release|Any CPU
		{F429152C-3501-467E-BB99-4F0F4EA14150}.Ad-Hoc|Any CPU.Deploy.0 = Release|Any CPU
		{F429152C-3501-467E-BB99-4F0F4EA14150}.Ad-Hoc|ARM.ActiveCfg = Release|ARM
		{F429152C-3501-467E-BB99-4F0F4EA14150}.Ad-Hoc|ARM.Build.0 = Release|ARM
		{F429152C-3501-467E-BB99-4F0F4EA14150}.Ad-Hoc|ARM.Deploy.0 = Release|ARM
		{F429152C-3501-467E-BB99-4F0F4EA14150}.Ad-Hoc|iPhone.ActiveCfg = Release|Any CPU
		{F429152C-3501-467E-BB99-4F0F4EA14150}.Ad-Hoc|iPhoneSimulator.ActiveCfg = Release|Any CPU
		{F429152C-3501-467E-BB99-4F0F4EA14150}.Ad-Hoc|Mixed Platforms.ActiveCfg = Release|x86
		{F429152C-3501-467E-BB99-4F0F4EA14150}.Ad-Hoc|Mixed Platforms.Build.0 = Release|x86
		{F429152C-3501-467E-BB99-4F0F4EA14150}.Ad-Hoc|Mixed Platforms.Deploy.0 = Release|x86
		{F429152C-3501-467E-BB99-4F0F4EA14150}.Ad-Hoc|x64.ActiveCfg = Release|Any CPU
		{F429152C-3501-467E-BB99-4F0F4EA14150}.Ad-Hoc|x86.ActiveCfg = Release|x86
		{F429152C-3501-467E-BB99-4F0F4EA14150}.Ad-Hoc|x86.Build.0 = Release|x86
		{F429152C-3501-467E-BB99-4F0F4EA14150}.Ad-Hoc|x86.Deploy.0 = Release|x86
		{F429152C-3501-467E-BB99-4F0F4EA14150}.AppStore|Any CPU.ActiveCfg = Release|Any CPU
		{F429152C-3501-467E-BB99-4F0F4EA14150}.AppStore|Any CPU.Build.0 = Release|Any CPU
		{F429152C-3501-467E-BB99-4F0F4EA14150}.AppStore|Any CPU.Deploy.0 = Release|Any CPU
		{F429152C-3501-467E-BB99-4F0F4EA14150}.AppStore|ARM.ActiveCfg = Release|ARM
		{F429152C-3501-467E-BB99-4F0F4EA14150}.AppStore|ARM.Build.0 = Release|ARM
		{F429152C-3501-467E-BB99-4F0F4EA14150}.AppStore|ARM.Deploy.0 = Release|ARM
		{F429152C-3501-467E-BB99-4F0F4EA14150}.AppStore|iPhone.ActiveCfg = Release|Any CPU
		{F429152C-3501-467E-BB99-4F0F4EA14150}.AppStore|iPhoneSimulator.ActiveCfg = Release|Any CPU
		{F429152C-3501-467E-BB99-4F0F4EA14150}.AppStore|Mixed Platforms.ActiveCfg = Release|x86
		{F429152C-3501-467E-BB99-4F0F4EA14150}.AppStore|Mixed Platforms.Build.0 = Release|x86
		{F429152C-3501-467E-BB99-4F0F4EA14150}.AppStore|Mixed Platforms.Deploy.0 = Release|x86
		{F429152C-3501-467E-BB99-4F0F4EA14150}.AppStore|x64.ActiveCfg = Release|Any CPU
		{F429152C-3501-467E-BB99-4F0F4EA14150}.AppStore|x86.ActiveCfg = Release|x86
		{F429152C-3501-467E-BB99-4F0F4EA14150}.AppStore|x86.Build.0 = Release|x86
		{F429152C-3501-467E-BB99-4F0F4EA14150}.AppStore|x86.Deploy.0 = Release|x86
		{F429152C-3501-467E-BB99-4F0F4EA14150}.Debug|Any CPU.ActiveCfg = Debug|Any CPU
		{F429152C-3501-467E-BB99-4F0F4EA14150}.Debug|Any CPU.Build.0 = Debug|Any CPU
		{F429152C-3501-467E-BB99-4F0F4EA14150}.Debug|Any CPU.Deploy.0 = Debug|Any CPU
		{F429152C-3501-467E-BB99-4F0F4EA14150}.Debug|ARM.ActiveCfg = Debug|ARM
		{F429152C-3501-467E-BB99-4F0F4EA14150}.Debug|ARM.Build.0 = Debug|ARM
		{F429152C-3501-467E-BB99-4F0F4EA14150}.Debug|ARM.Deploy.0 = Debug|ARM
		{F429152C-3501-467E-BB99-4F0F4EA14150}.Debug|iPhone.ActiveCfg = Debug|Any CPU
		{F429152C-3501-467E-BB99-4F0F4EA14150}.Debug|iPhoneSimulator.ActiveCfg = Debug|Any CPU
		{F429152C-3501-467E-BB99-4F0F4EA14150}.Debug|Mixed Platforms.ActiveCfg = Debug|Any CPU
		{F429152C-3501-467E-BB99-4F0F4EA14150}.Debug|Mixed Platforms.Build.0 = Debug|Any CPU
		{F429152C-3501-467E-BB99-4F0F4EA14150}.Debug|Mixed Platforms.Deploy.0 = Debug|Any CPU
		{F429152C-3501-467E-BB99-4F0F4EA14150}.Debug|x64.ActiveCfg = Debug|Any CPU
		{F429152C-3501-467E-BB99-4F0F4EA14150}.Debug|x86.ActiveCfg = Debug|x86
		{F429152C-3501-467E-BB99-4F0F4EA14150}.Debug|x86.Build.0 = Debug|x86
		{F429152C-3501-467E-BB99-4F0F4EA14150}.Debug|x86.Deploy.0 = Debug|x86
		{F429152C-3501-467E-BB99-4F0F4EA14150}.Release|Any CPU.ActiveCfg = Release|Any CPU
		{F429152C-3501-467E-BB99-4F0F4EA14150}.Release|Any CPU.Build.0 = Release|Any CPU
		{F429152C-3501-467E-BB99-4F0F4EA14150}.Release|Any CPU.Deploy.0 = Release|Any CPU
		{F429152C-3501-467E-BB99-4F0F4EA14150}.Release|ARM.ActiveCfg = Release|ARM
		{F429152C-3501-467E-BB99-4F0F4EA14150}.Release|ARM.Build.0 = Release|ARM
		{F429152C-3501-467E-BB99-4F0F4EA14150}.Release|ARM.Deploy.0 = Release|ARM
		{F429152C-3501-467E-BB99-4F0F4EA14150}.Release|iPhone.ActiveCfg = Release|Any CPU
		{F429152C-3501-467E-BB99-4F0F4EA14150}.Release|iPhoneSimulator.ActiveCfg = Release|Any CPU
		{F429152C-3501-467E-BB99-4F0F4EA14150}.Release|Mixed Platforms.ActiveCfg = Release|x86
		{F429152C-3501-467E-BB99-4F0F4EA14150}.Release|Mixed Platforms.Build.0 = Release|x86
		{F429152C-3501-467E-BB99-4F0F4EA14150}.Release|Mixed Platforms.Deploy.0 = Release|x86
		{F429152C-3501-467E-BB99-4F0F4EA14150}.Release|x64.ActiveCfg = Release|Any CPU
		{F429152C-3501-467E-BB99-4F0F4EA14150}.Release|x86.ActiveCfg = Release|x86
		{F429152C-3501-467E-BB99-4F0F4EA14150}.Release|x86.Build.0 = Release|x86
		{F429152C-3501-467E-BB99-4F0F4EA14150}.Release|x86.Deploy.0 = Release|x86
		{1F12E361-2F76-4E96-B36A-96C03D6AFD6E}.Ad-Hoc|Any CPU.ActiveCfg = Release|x64
		{1F12E361-2F76-4E96-B36A-96C03D6AFD6E}.Ad-Hoc|Any CPU.Build.0 = Release|x64
		{1F12E361-2F76-4E96-B36A-96C03D6AFD6E}.Ad-Hoc|Any CPU.Deploy.0 = Release|x64
		{1F12E361-2F76-4E96-B36A-96C03D6AFD6E}.Ad-Hoc|ARM.ActiveCfg = Release|ARM
		{1F12E361-2F76-4E96-B36A-96C03D6AFD6E}.Ad-Hoc|ARM.Build.0 = Release|ARM
		{1F12E361-2F76-4E96-B36A-96C03D6AFD6E}.Ad-Hoc|ARM.Deploy.0 = Release|ARM
		{1F12E361-2F76-4E96-B36A-96C03D6AFD6E}.Ad-Hoc|iPhone.ActiveCfg = Release|x64
		{1F12E361-2F76-4E96-B36A-96C03D6AFD6E}.Ad-Hoc|iPhoneSimulator.ActiveCfg = Release|x64
		{1F12E361-2F76-4E96-B36A-96C03D6AFD6E}.Ad-Hoc|iPhoneSimulator.Build.0 = Release|x64
		{1F12E361-2F76-4E96-B36A-96C03D6AFD6E}.Ad-Hoc|iPhoneSimulator.Deploy.0 = Release|x64
		{1F12E361-2F76-4E96-B36A-96C03D6AFD6E}.Ad-Hoc|Mixed Platforms.ActiveCfg = Release|x86
		{1F12E361-2F76-4E96-B36A-96C03D6AFD6E}.Ad-Hoc|Mixed Platforms.Build.0 = Release|x86
		{1F12E361-2F76-4E96-B36A-96C03D6AFD6E}.Ad-Hoc|Mixed Platforms.Deploy.0 = Release|x86
		{1F12E361-2F76-4E96-B36A-96C03D6AFD6E}.Ad-Hoc|x64.ActiveCfg = Release|x64
		{1F12E361-2F76-4E96-B36A-96C03D6AFD6E}.Ad-Hoc|x64.Build.0 = Release|x64
		{1F12E361-2F76-4E96-B36A-96C03D6AFD6E}.Ad-Hoc|x64.Deploy.0 = Release|x64
		{1F12E361-2F76-4E96-B36A-96C03D6AFD6E}.Ad-Hoc|x86.ActiveCfg = Release|x86
		{1F12E361-2F76-4E96-B36A-96C03D6AFD6E}.Ad-Hoc|x86.Build.0 = Release|x86
		{1F12E361-2F76-4E96-B36A-96C03D6AFD6E}.Ad-Hoc|x86.Deploy.0 = Release|x86
		{1F12E361-2F76-4E96-B36A-96C03D6AFD6E}.AppStore|Any CPU.ActiveCfg = Release|x64
		{1F12E361-2F76-4E96-B36A-96C03D6AFD6E}.AppStore|Any CPU.Build.0 = Release|x64
		{1F12E361-2F76-4E96-B36A-96C03D6AFD6E}.AppStore|Any CPU.Deploy.0 = Release|x64
		{1F12E361-2F76-4E96-B36A-96C03D6AFD6E}.AppStore|ARM.ActiveCfg = Release|ARM
		{1F12E361-2F76-4E96-B36A-96C03D6AFD6E}.AppStore|ARM.Build.0 = Release|ARM
		{1F12E361-2F76-4E96-B36A-96C03D6AFD6E}.AppStore|ARM.Deploy.0 = Release|ARM
		{1F12E361-2F76-4E96-B36A-96C03D6AFD6E}.AppStore|iPhone.ActiveCfg = Release|x64
		{1F12E361-2F76-4E96-B36A-96C03D6AFD6E}.AppStore|iPhone.Build.0 = Release|x64
		{1F12E361-2F76-4E96-B36A-96C03D6AFD6E}.AppStore|iPhone.Deploy.0 = Release|x64
		{1F12E361-2F76-4E96-B36A-96C03D6AFD6E}.AppStore|iPhoneSimulator.ActiveCfg = Release|x64
		{1F12E361-2F76-4E96-B36A-96C03D6AFD6E}.AppStore|iPhoneSimulator.Build.0 = Release|x64
		{1F12E361-2F76-4E96-B36A-96C03D6AFD6E}.AppStore|iPhoneSimulator.Deploy.0 = Release|x64
		{1F12E361-2F76-4E96-B36A-96C03D6AFD6E}.AppStore|Mixed Platforms.ActiveCfg = Release|x86
		{1F12E361-2F76-4E96-B36A-96C03D6AFD6E}.AppStore|Mixed Platforms.Build.0 = Release|x86
		{1F12E361-2F76-4E96-B36A-96C03D6AFD6E}.AppStore|Mixed Platforms.Deploy.0 = Release|x86
		{1F12E361-2F76-4E96-B36A-96C03D6AFD6E}.AppStore|x64.ActiveCfg = Release|x64
		{1F12E361-2F76-4E96-B36A-96C03D6AFD6E}.AppStore|x64.Build.0 = Release|x64
		{1F12E361-2F76-4E96-B36A-96C03D6AFD6E}.AppStore|x64.Deploy.0 = Release|x64
		{1F12E361-2F76-4E96-B36A-96C03D6AFD6E}.AppStore|x86.ActiveCfg = Release|x86
		{1F12E361-2F76-4E96-B36A-96C03D6AFD6E}.AppStore|x86.Build.0 = Release|x86
		{1F12E361-2F76-4E96-B36A-96C03D6AFD6E}.AppStore|x86.Deploy.0 = Release|x86
		{1F12E361-2F76-4E96-B36A-96C03D6AFD6E}.Debug|Any CPU.ActiveCfg = Debug|x86
		{1F12E361-2F76-4E96-B36A-96C03D6AFD6E}.Debug|Any CPU.Build.0 = Debug|x86
		{1F12E361-2F76-4E96-B36A-96C03D6AFD6E}.Debug|Any CPU.Deploy.0 = Debug|x86
		{1F12E361-2F76-4E96-B36A-96C03D6AFD6E}.Debug|ARM.ActiveCfg = Debug|ARM
		{1F12E361-2F76-4E96-B36A-96C03D6AFD6E}.Debug|ARM.Build.0 = Debug|ARM
		{1F12E361-2F76-4E96-B36A-96C03D6AFD6E}.Debug|ARM.Deploy.0 = Debug|ARM
		{1F12E361-2F76-4E96-B36A-96C03D6AFD6E}.Debug|iPhone.ActiveCfg = Debug|x86
		{1F12E361-2F76-4E96-B36A-96C03D6AFD6E}.Debug|iPhoneSimulator.ActiveCfg = Debug|x86
		{1F12E361-2F76-4E96-B36A-96C03D6AFD6E}.Debug|Mixed Platforms.ActiveCfg = Debug|ARM
		{1F12E361-2F76-4E96-B36A-96C03D6AFD6E}.Debug|Mixed Platforms.Build.0 = Debug|ARM
		{1F12E361-2F76-4E96-B36A-96C03D6AFD6E}.Debug|Mixed Platforms.Deploy.0 = Debug|ARM
		{1F12E361-2F76-4E96-B36A-96C03D6AFD6E}.Debug|x64.ActiveCfg = Debug|x64
		{1F12E361-2F76-4E96-B36A-96C03D6AFD6E}.Debug|x64.Build.0 = Debug|x64
		{1F12E361-2F76-4E96-B36A-96C03D6AFD6E}.Debug|x64.Deploy.0 = Debug|x64
		{1F12E361-2F76-4E96-B36A-96C03D6AFD6E}.Debug|x86.ActiveCfg = Debug|x86
		{1F12E361-2F76-4E96-B36A-96C03D6AFD6E}.Debug|x86.Build.0 = Debug|x86
		{1F12E361-2F76-4E96-B36A-96C03D6AFD6E}.Debug|x86.Deploy.0 = Debug|x86
		{1F12E361-2F76-4E96-B36A-96C03D6AFD6E}.Release|Any CPU.ActiveCfg = Release|x86
		{1F12E361-2F76-4E96-B36A-96C03D6AFD6E}.Release|Any CPU.Build.0 = Release|x86
		{1F12E361-2F76-4E96-B36A-96C03D6AFD6E}.Release|Any CPU.Deploy.0 = Release|x86
		{1F12E361-2F76-4E96-B36A-96C03D6AFD6E}.Release|ARM.ActiveCfg = Release|ARM
		{1F12E361-2F76-4E96-B36A-96C03D6AFD6E}.Release|ARM.Build.0 = Release|ARM
		{1F12E361-2F76-4E96-B36A-96C03D6AFD6E}.Release|ARM.Deploy.0 = Release|ARM
		{1F12E361-2F76-4E96-B36A-96C03D6AFD6E}.Release|iPhone.ActiveCfg = Release|x86
		{1F12E361-2F76-4E96-B36A-96C03D6AFD6E}.Release|iPhoneSimulator.ActiveCfg = Release|x86
		{1F12E361-2F76-4E96-B36A-96C03D6AFD6E}.Release|Mixed Platforms.ActiveCfg = Release|x86
		{1F12E361-2F76-4E96-B36A-96C03D6AFD6E}.Release|Mixed Platforms.Build.0 = Release|x86
		{1F12E361-2F76-4E96-B36A-96C03D6AFD6E}.Release|Mixed Platforms.Deploy.0 = Release|x86
		{1F12E361-2F76-4E96-B36A-96C03D6AFD6E}.Release|x64.ActiveCfg = Release|x64
		{1F12E361-2F76-4E96-B36A-96C03D6AFD6E}.Release|x64.Build.0 = Release|x64
		{1F12E361-2F76-4E96-B36A-96C03D6AFD6E}.Release|x64.Deploy.0 = Release|x64
		{1F12E361-2F76-4E96-B36A-96C03D6AFD6E}.Release|x86.ActiveCfg = Release|x86
		{1F12E361-2F76-4E96-B36A-96C03D6AFD6E}.Release|x86.Build.0 = Release|x86
		{1F12E361-2F76-4E96-B36A-96C03D6AFD6E}.Release|x86.Deploy.0 = Release|x86
	EndGlobalSection
	GlobalSection(SolutionProperties) = preSolution
		HideSolutionNode = FALSE
	EndGlobalSection
	GlobalSection(NestedProjects) = preSolution
		{DD9E9673-8A60-49B7-BE3C-EE1584DB4EE7} = {E03C62FB-1DCB-4711-A1CA-23DC06A218E7}
		{EEC3B8BE-6237-44DB-B8EB-044A0A4ECF5B} = {E03C62FB-1DCB-4711-A1CA-23DC06A218E7}
		{F429152C-3501-467E-BB99-4F0F4EA14150} = {E03C62FB-1DCB-4711-A1CA-23DC06A218E7}
	EndGlobalSection
EndGlobal
